# Generated by conda-lock.
# platform: osx-64
# input_hash: 8c0c7365f54c2555d475365729015f7be62a93a6e84656de1495f2e27ef3f7cb
@EXPLICIT
https://conda.anaconda.org/conda-forge/osx-64/bzip2-1.0.8-h0d85af4_4.tar.bz2#37edc4e6304ca87316e160f5ca0bd1b5
https://conda.anaconda.org/conda-forge/osx-64/ca-certificates-2022.9.24-h033912b_0.tar.bz2#67b268c32433047914482def1ce215c2
https://conda.anaconda.org/conda-forge/noarch/font-ttf-dejavu-sans-mono-2.37-hab24e00_0.tar.bz2#0c96522c6bdaed4b1566d11387caaf45
https://conda.anaconda.org/conda-forge/noarch/font-ttf-inconsolata-3.000-h77eed37_0.tar.bz2#34893075a5c9e55cdafac56607368fc6
https://conda.anaconda.org/conda-forge/noarch/font-ttf-source-code-pro-2.038-h77eed37_0.tar.bz2#4d59c254e01d9cde7957100457e2d5fb
https://conda.anaconda.org/conda-forge/noarch/font-ttf-ubuntu-0.83-hab24e00_0.tar.bz2#19410c3df09dfb12d1206132a1d357c5
https://conda.anaconda.org/conda-forge/osx-64/jpeg-9e-hac89ed1_2.tar.bz2#60d90a3f5803660c5c2a2e9d883df0a6
https://conda.anaconda.org/conda-forge/osx-64/libbrotlicommon-1.0.9-hb7f2c08_8.tar.bz2#37157d273eaf3bc7d6862104161d9ec9
https://conda.anaconda.org/conda-forge/osx-64/libcxx-14.0.6-hccf4f1f_0.tar.bz2#208a6a874b073277374de48a782f6b10
https://conda.anaconda.org/conda-forge/osx-64/libdeflate-1.14-hb7f2c08_0.tar.bz2#ce2a6075114c9b64ad8cace52492feee
https://conda.anaconda.org/conda-forge/osx-64/libffi-3.4.2-h0d85af4_5.tar.bz2#ccb34fb14960ad8b125962d3d79b31a9
https://conda.anaconda.org/conda-forge/osx-64/libiconv-1.17-hac89ed1_0.tar.bz2#691d103d11180486154af49c037b7ed9
https://conda.anaconda.org/conda-forge/osx-64/libwebp-base-1.2.4-h775f41a_0.tar.bz2#28807bef802a354f9c164e7ab242c5cb
https://conda.anaconda.org/conda-forge/osx-64/libzlib-1.2.13-hfd90126_4.tar.bz2#35eb3fce8d51ed3c1fd4122bad48250b
https://conda.anaconda.org/conda-forge/osx-64/llvm-openmp-14.0.4-ha654fa7_0.tar.bz2#5d5ab9ab83ce21422be84ecfd3142201
https://conda.anaconda.org/conda-forge/osx-64/ncurses-6.3-h96cf925_1.tar.bz2#76217ebfbb163ff2770a261f955a5861
https://conda.anaconda.org/conda-forge/osx-64/pixman-0.40.0-hbcb3906_0.tar.bz2#09a583a6f172715be21d93aaa1b42d71
https://conda.anaconda.org/conda-forge/osx-64/pthread-stubs-0.4-hc929b4f_1001.tar.bz2#addd19059de62181cd11ae8f4ef26084
https://conda.anaconda.org/conda-forge/noarch/tzdata-2022e-h191b570_0.tar.bz2#b6bd89cf71494c41a181cac13cc5a8ea
https://conda.anaconda.org/conda-forge/osx-64/xorg-libxau-1.0.9-h35c211d_0.tar.bz2#c5049997b2e98edfbcdd294582f66281
https://conda.anaconda.org/conda-forge/osx-64/xorg-libxdmcp-1.1.3-h35c211d_0.tar.bz2#86ac76d6bf1cbb9621943eb3bd9ae36e
https://conda.anaconda.org/conda-forge/osx-64/xz-5.2.6-h775f41a_0.tar.bz2#a72f9d4ea13d55d745ff1ed594747f10
https://conda.anaconda.org/conda-forge/osx-64/yaml-0.2.5-h0d85af4_2.tar.bz2#d7e08fcf8259d742156188e8762b4d20
https://conda.anaconda.org/conda-forge/osx-64/expat-2.5.0-hf0c8a7f_0.tar.bz2#7648a729fc8b7272596e90b0ab0a3e98
https://conda.anaconda.org/conda-forge/noarch/fonts-conda-forge-1-0.tar.bz2#f766549260d6815b0c52253f1fb1bb29
https://conda.anaconda.org/conda-forge/osx-64/gettext-0.21.1-h8a4c099_0.tar.bz2#1e3aff29ce703d421c43f371ad676cc5
https://conda.anaconda.org/conda-forge/osx-64/icu-70.1-h96cf925_0.tar.bz2#376635049e9b9b0bb875efd39dcd7b3b
https://conda.anaconda.org/conda-forge/osx-64/lerc-4.0.0-hb486fe8_0.tar.bz2#f9d6a4c82889d5ecedec1d90eb673c55
https://conda.anaconda.org/conda-forge/osx-64/libbrotlidec-1.0.9-hb7f2c08_8.tar.bz2#7f952a036d9014b4dab96c6ea0f8c2a7
https://conda.anaconda.org/conda-forge/osx-64/libbrotlienc-1.0.9-hb7f2c08_8.tar.bz2#b36a3bfe866d9127f25f286506982166
https://conda.anaconda.org/conda-forge/osx-64/libgfortran5-11.3.0-h082f757_25.tar.bz2#2c8fd85ee58fc04f8cc52aaa28bceca3
https://conda.anaconda.org/conda-forge/osx-64/libpng-1.6.38-ha978bb4_0.tar.bz2#3954555b5b02b117119cb806d5dcfcd8
https://conda.anaconda.org/conda-forge/osx-64/libprotobuf-3.21.9-hbc0c0cd_0.tar.bz2#c1c6a9e1c416c2635215cd19133e26b9
https://conda.anaconda.org/conda-forge/osx-64/libsqlite-3.39.4-ha978bb4_0.tar.bz2#28060fa753417bdd4e66da2048951dd1
https://conda.anaconda.org/conda-forge/osx-64/libxcb-1.13-h0d85af4_1004.tar.bz2#eb7860935e14aec936065cbc21a1a962
https://conda.anaconda.org/conda-forge/osx-64/ninja-1.11.0-h1b54a9f_0.tar.bz2#02e4d7a0d1cda051ddf5e83725c4b2a6
https://conda.anaconda.org/conda-forge/osx-64/openssl-3.0.5-hfd90126_2.tar.bz2#8a98a203c03d3d252f5ba9fa2d04210e
https://conda.anaconda.org/conda-forge/osx-64/pcre2-10.37-h3f55489_1.tar.bz2#4aea99dd6f062a6cebafbb0d363807fa
https://conda.anaconda.org/conda-forge/osx-64/readline-8.1.2-h3899abd_0.tar.bz2#89fa404901fa8fb7d4f4e07083b8d635
https://conda.anaconda.org/conda-forge/osx-64/sleef-3.5.1-h6db0672_2.tar.bz2#16665e88f0b36693ca95dbae9b294e68
https://conda.anaconda.org/conda-forge/osx-64/tbb-2021.6.0-hb8565cd_1.tar.bz2#a61183103765b09fcf26b564f75b4904
https://conda.anaconda.org/conda-forge/osx-64/tk-8.6.12-h5dbffcc_0.tar.bz2#8e9480d9c47061db2ed1b4ecce519a7f
https://conda.anaconda.org/conda-forge/osx-64/zlib-1.2.13-hfd90126_4.tar.bz2#be90e6223c74ea253080abae19b3bdb1
https://conda.anaconda.org/conda-forge/osx-64/zstd-1.5.2-hfa58983_4.tar.bz2#0b446e84f3ccf085e590dc1f73eebe3f
https://conda.anaconda.org/conda-forge/osx-64/boost-cpp-1.78.0-h8b082ac_1.tar.bz2#810ad57aa3057a76ea1c65731d58da55
https://conda.anaconda.org/conda-forge/osx-64/brotli-bin-1.0.9-hb7f2c08_8.tar.bz2#aac5ad0d8f747ef7f871508146df75d9
https://conda.anaconda.org/conda-forge/noarch/fonts-conda-ecosystem-1-0.tar.bz2#fee5683a3f04bd15cbd8318b096a27ab
https://conda.anaconda.org/conda-forge/osx-64/freetype-2.12.1-h3f81eb7_0.tar.bz2#6afb5b1664496c575117efe9aa2c9ba9
https://conda.anaconda.org/conda-forge/osx-64/libgfortran-5.0.0-10_4_0_h97931a8_25.tar.bz2#5258ded23560cdebf95cef1df827065b
https://conda.anaconda.org/conda-forge/osx-64/libglib-2.74.1-h3ba3332_0.tar.bz2#6b6b943399bbdf9918f989c363375365
https://conda.anaconda.org/conda-forge/osx-64/libtiff-4.4.0-hdb44e8a_4.tar.bz2#09195c43a896fe98b82dcebfa1d6eab1
https://conda.anaconda.org/conda-forge/osx-64/mkl-2022.1.0-h860c996_928.tar.bz2#98a4d58de0ba6e61ce46620b775c19ce
https://conda.anaconda.org/conda-forge/osx-64/sqlite-3.39.4-h9ae0607_0.tar.bz2#14e2dbb73e122e10858790f664d9636b
https://conda.anaconda.org/conda-forge/osx-64/brotli-1.0.9-hb7f2c08_8.tar.bz2#55f612fe4a9b5f6ac76348b6de94aaeb
https://conda.anaconda.org/conda-forge/osx-64/fontconfig-2.14.1-h5bb23bf_0.tar.bz2#68c42c630dcf96518bbd9f6525861e06
https://conda.anaconda.org/conda-forge/osx-64/lcms2-2.13.1-h90f4b2a_0.tar.bz2#ba8f5478197460a6ef7064f403e52957
https://conda.anaconda.org/conda-forge/osx-64/libopenblas-0.3.21-openmp_h429af6e_3.tar.bz2#968c46aa7f4032c3f3873f3452ed4c34
https://conda.anaconda.org/conda-forge/osx-64/openjpeg-2.5.0-h5d0d7b0_1.tar.bz2#be533cc782981a0ec5eed28aa618470a
https://conda.anaconda.org/conda-forge/osx-64/python-3.9.13-hf8d34f4_0_cpython.tar.bz2#c3c4e87be5a78529972f2fa99c9e9938
https://conda.anaconda.org/conda-forge/noarch/attrs-22.1.0-pyh71513ae_1.tar.bz2#6d3ccbc56256204925bfa8378722792f
https://conda.anaconda.org/conda-forge/noarch/autopage-0.5.1-pyhd8ed1ab_0.tar.bz2#5cda00cc5f9463f90af6d5182346b08a
https://conda.anaconda.org/conda-forge/noarch/backports-1.0-py_2.tar.bz2#0da16b293affa6ac31812376f8eb79dd
https://conda.anaconda.org/conda-forge/osx-64/cairo-1.16.0-h904041c_1014.tar.bz2#2e7b4350178ed52bb6fd2b1ecbeeed4f
https://conda.anaconda.org/conda-forge/noarch/certifi-2022.9.24-pyhd8ed1ab_0.tar.bz2#f66309b099374af91369e67e84af397d
https://conda.anaconda.org/conda-forge/noarch/charset-normalizer-2.1.1-pyhd8ed1ab_0.tar.bz2#c1d5b294fbf9a795dec349a6f4d8be8e
https://conda.anaconda.org/conda-forge/noarch/click-8.1.3-unix_pyhd8ed1ab_2.tar.bz2#20e4087407c7cb04a40817114b333dbf
https://conda.anaconda.org/conda-forge/noarch/colorama-0.4.6-pyhd8ed1ab_0.tar.bz2#3faab06a954c2a04039983f2c4a50d99
https://conda.anaconda.org/conda-forge/noarch/cycler-0.11.0-pyhd8ed1ab_0.tar.bz2#a50559fad0affdbb33729a68669ca1cb
https://conda.anaconda.org/conda-forge/noarch/dill-0.3.6-pyhd8ed1ab_1.tar.bz2#88c82ca702197fff8a5e87619707556b
https://conda.anaconda.org/conda-forge/noarch/idna-3.4-pyhd8ed1ab_0.tar.bz2#34272b248891bddccc64479f9a7fffed
https://conda.anaconda.org/conda-forge/noarch/itsdangerous-2.1.2-pyhd8ed1ab_0.tar.bz2#3c3de74912f11d2b590184f03c7cd09b
https://conda.anaconda.org/conda-forge/osx-64/libblas-3.9.0-16_osx64_openblas.tar.bz2#644d63e9379867490b67bace400b2a0f
https://conda.anaconda.org/conda-forge/noarch/munkres-1.1.4-pyh9f0ad1d_0.tar.bz2#2ba8498c1018c1e9c61eb99b973dfe19
https://conda.anaconda.org/conda-forge/noarch/networkx-2.8.7-pyhd8ed1ab_0.tar.bz2#1b74438a7270b1e2cbd3de9dba18ebb6
https://conda.anaconda.org/conda-forge/noarch/pycparser-2.21-pyhd8ed1ab_0.tar.bz2#076becd9e05608f8dc72757d5f3a91ff
https://conda.anaconda.org/conda-forge/noarch/pyparsing-3.0.9-pyhd8ed1ab_0.tar.bz2#e8fbc1b54b25f4b08281467bc13b70cc
https://conda.anaconda.org/conda-forge/noarch/pyperclip-1.8.2-pyhd8ed1ab_2.tar.bz2#8d7c6507e902193f9b1e9612f0210a4b
https://conda.anaconda.org/conda-forge/noarch/pysocks-1.7.1-pyha2e5f31_6.tar.bz2#2a7de29fb590ca14b5243c4c812c8025
https://conda.anaconda.org/conda-forge/osx-64/python_abi-3.9-2_cp39.tar.bz2#262f557ee8ca777fe2190956038024cd
https://conda.anaconda.org/conda-forge/noarch/pytz-2022.5-pyhd8ed1ab_0.tar.bz2#565724d09157870f0e469b1a0a172a6d
https://conda.anaconda.org/conda-forge/noarch/setuptools-65.5.0-pyhd8ed1ab_0.tar.bz2#462466739c786f85f9ed555f87099fe1
https://conda.anaconda.org/conda-forge/noarch/six-1.16.0-pyh6c4a22f_0.tar.bz2#e5f25f8dbc060e9a8d912e432202afc2
https://conda.anaconda.org/conda-forge/noarch/threadpoolctl-3.1.0-pyh8a188c0_0.tar.bz2#a2995ee828f65687ac5b1e71a2ab1e0c
https://conda.anaconda.org/conda-forge/noarch/typing_extensions-4.4.0-pyha770c72_0.tar.bz2#2d93b130d148d7fc77e583677792fc6a
https://conda.anaconda.org/conda-forge/noarch/wheel-0.37.1-pyhd8ed1ab_0.tar.bz2#1ca02aaf78d9c70d9a81a3bed5752022
https://conda.anaconda.org/conda-forge/noarch/zipp-3.10.0-pyhd8ed1ab_0.tar.bz2#cd4eb48ebde7de61f92252979aab515c
https://conda.anaconda.org/conda-forge/noarch/backports.functools_lru_cache-1.6.4-pyhd8ed1ab_0.tar.bz2#c5b3edc62d6309088f4970b3eaaa65a6
https://conda.anaconda.org/conda-forge/osx-64/cffi-1.15.1-py39h131948b_2.tar.bz2#8543a4e2c7718750cb64a2ad5da71c09
https://conda.anaconda.org/conda-forge/osx-64/colorlog-6.7.0-py39h6e9494a_1.tar.bz2#d30b320b9adbb5e9cd8d6313638a31ac
https://conda.anaconda.org/conda-forge/osx-64/greenlet-1.1.3.post0-py39h7a8716b_0.tar.bz2#196ada80e4dfea49a1a3f6822f554f85
https://conda.anaconda.org/conda-forge/osx-64/gunicorn-20.1.0-py39h6e9494a_3.tar.bz2#fda24af3fc6a6693b80f3e32b1fea627
https://conda.anaconda.org/conda-forge/noarch/importlib-metadata-5.0.0-pyha770c72_1.tar.bz2#ec069c4db6a0ad84107bac5da62819d2
https://conda.anaconda.org/conda-forge/noarch/importlib_resources-5.10.0-pyhd8ed1ab_0.tar.bz2#eb521efe7f5550de7573bc1629b74a05
https://conda.anaconda.org/conda-forge/noarch/joblib-1.2.0-pyhd8ed1ab_0.tar.bz2#7583652522d71ad78ba536bba06940eb
https://conda.anaconda.org/conda-forge/osx-64/kiwisolver-1.4.4-py39h92daf61_1.tar.bz2#7720e059630e25ab17ab12677e59c615
https://conda.anaconda.org/conda-forge/osx-64/libcblas-3.9.0-16_osx64_openblas.tar.bz2#28592eab0f05bcf9969789e87f754e11
https://conda.anaconda.org/conda-forge/osx-64/liblapack-3.9.0-16_osx64_openblas.tar.bz2#406ad426aade5578b90544cc2ed4a79b
https://conda.anaconda.org/conda-forge/osx-64/markupsafe-2.1.1-py39ha30fb19_2.tar.bz2#ff153f279e1f29f64d98245b8a042e85
https://conda.anaconda.org/conda-forge/noarch/packaging-21.3-pyhd8ed1ab_0.tar.bz2#71f1ab2de48613876becddd496371c85
https://conda.anaconda.org/conda-forge/osx-64/pillow-9.2.0-py39h35d4919_3.tar.bz2#6ed8a5881729d8f7ee7cde78c13241a4
https://conda.anaconda.org/conda-forge/noarch/pip-20.0.2-py_2.tar.bz2#70e60f1bf7c83ede9f7b2551d006db8c
https://conda.anaconda.org/conda-forge/osx-64/pycairo-1.21.0-py39h41776c8_2.tar.bz2#34563c9ec1d87663b6ad61d4de4a9ace
https://conda.anaconda.org/conda-forge/noarch/python-dateutil-2.8.2-pyhd8ed1ab_0.tar.bz2#dd999d1cc9f79e67dbb855c8924c7984
https://conda.anaconda.org/conda-forge/osx-64/pyyaml-6.0-py39ha30fb19_5.tar.bz2#45794cac8eadcc11b3f26dda1705bf62
https://conda.anaconda.org/conda-forge/noarch/tqdm-4.64.1-pyhd8ed1ab_0.tar.bz2#5526ff3f88f9db87bb0924b9ce575345
https://conda.anaconda.org/conda-forge/osx-64/unicodedata2-14.0.0-py39ha30fb19_2.tar.bz2#7dd9e2b13d9c522d99c3887796abc91d
https://conda.anaconda.org/conda-forge/noarch/aniso8601-9.0.1-pyhd8ed1ab_0.tar.bz2#36fba1a639f2d24723c5480345b78553
https://conda.anaconda.org/conda-forge/osx-64/brotlipy-0.7.0-py39ha30fb19_1005.tar.bz2#201d86c1f0b0132954fc72251b09df8a
https://conda.anaconda.org/conda-forge/osx-64/cryptography-38.0.2-py39hbeae22c_2.tar.bz2#1fe1df4923d80f2c2b0d3025d0ed3162
https://conda.anaconda.org/conda-forge/osx-64/fonttools-4.38.0-py39ha30fb19_1.tar.bz2#d4ef9879362c40c8c346a0b6cd79f2e0
https://conda.anaconda.org/conda-forge/noarch/importlib_metadata-5.0.0-hd8ed1ab_1.tar.bz2#ee3205c546fdeeaa45ae8d1e2325e13c
https://conda.anaconda.org/conda-forge/noarch/jinja2-3.1.2-pyhd8ed1ab_1.tar.bz2#c8490ed5c70966d232fdd389d0dbed37
https://conda.anaconda.org/conda-forge/noarch/mako-1.2.3-pyhd8ed1ab_0.tar.bz2#f19bdf719a181766edd09cbc08616868
https://conda.anaconda.org/conda-forge/noarch/marshmallow-3.17.1-pyhd8ed1ab_0.tar.bz2#ef19c09ac5650d03f60844cb03381144
https://conda.anaconda.org/conda-forge/osx-64/numpy-1.22.4-py39h677350a_0.tar.bz2#562fb66d5efa1ad4b08f283fd19f45b4
https://conda.anaconda.org/conda-forge/noarch/pbr-5.11.0-pyhd8ed1ab_0.tar.bz2#10de1749f30caa3907892f14c5fcafbe
https://conda.anaconda.org/conda-forge/osx-64/reportlab-3.5.68-py39hf37cc50_1.tar.bz2#cca7a8d41827dada475fe1b3d08004a8
https://conda.anaconda.org/conda-forge/osx-64/sqlalchemy-1.4.42-py39ha30fb19_1.tar.bz2#c18a00c001c42802eee2ce24de3d434d
https://conda.anaconda.org/conda-forge/noarch/wcwidth-0.2.5-pyh9f0ad1d_2.tar.bz2#5266fcd697043c59621fda522b3d78ee
https://conda.anaconda.org/conda-forge/noarch/werkzeug-2.2.2-pyhd8ed1ab_0.tar.bz2#8e69568592e552919201f730b01a58c2
https://conda.anaconda.org/conda-forge/noarch/alembic-1.8.1-pyhd8ed1ab_0.tar.bz2#bdde76f5d65a9374d07aa3dfa27571e0
https://conda.anaconda.org/conda-forge/osx-64/boost-1.78.0-py39h6dc771e_4.tar.bz2#9457a0144d5946293863ff1f50750953
https://conda.anaconda.org/conda-forge/noarch/cmaes-0.8.2-pyh44b312d_0.tar.bz2#7bea986d2adbde991615e19f96458b2f
https://conda.anaconda.org/conda-forge/osx-64/cmd2-2.4.2-py39h6e9494a_0.tar.bz2#f081afd4db50c2144472126d6e081f4f
https://conda.anaconda.org/conda-forge/osx-64/contourpy-1.0.5-py39h92daf61_1.tar.bz2#f99163206a16f93e7a6bcb9320c5f2aa
https://conda.anaconda.org/conda-forge/noarch/flask-2.2.2-pyhd8ed1ab_0.tar.bz2#85fad4c7889dd969ed4c02cf63cfe9c5
https://conda.anaconda.org/conda-forge/osx-64/pandas-1.4.4-py39hca71b8a_0.tar.bz2#3cc078e718c066936832a1c568ea1856
https://conda.anaconda.org/conda-forge/noarch/prettytable-3.4.1-pyhd8ed1ab_0.tar.bz2#3f617df7fb94c7069084370e00e2bfd3
https://conda.anaconda.org/conda-forge/noarch/pyopenssl-22.1.0-pyhd8ed1ab_0.tar.bz2#fbfa0a180d48c800f922a10a114a8632
https://conda.anaconda.org/conda-forge/osx-64/pytorch-1.12.1-cpu_py39h0a103a1_1.tar.bz2#1a28b912da4aa4cbc43b6fd83d25f045
https://conda.anaconda.org/conda-forge/osx-64/scipy-1.9.3-py39h8a15683_1.tar.bz2#02259123e7413791b05652970f32efed
https://conda.anaconda.org/conda-forge/noarch/stevedore-4.1.0-pyhd8ed1ab_0.tar.bz2#1b005e8785cff0320b0230de0873dbc5
https://conda.anaconda.org/conda-forge/noarch/cliff-4.0.0-pyhd8ed1ab_0.tar.bz2#22d37c7875509cbd538eeec56e6bb183
https://conda.anaconda.org/conda-forge/noarch/flask-restful-0.3.9-pyhd8ed1ab_0.tar.bz2#500294b659c23821d2469af8b1045e81
https://conda.anaconda.org/conda-forge/osx-64/matplotlib-base-3.6.1-py39hb2f573b_1.tar.bz2#673a3072940d4b8c149b5bc13533bed6
https://conda.anaconda.org/conda-forge/osx-64/scikit-learn-1.1.1-py39hafe9688_0.tar.bz2#1773d33b232f96a61af452c1460da9f2
https://conda.anaconda.org/conda-forge/noarch/urllib3-1.26.11-pyhd8ed1ab_0.tar.bz2#0738978569b10669bdef41c671252dd1
https://conda.anaconda.org/conda-forge/noarch/optuna-2.10.1-pyhd8ed1ab_0.tar.bz2#8c121b67b590fdd41f1e686e008eaa99
https://conda.anaconda.org/conda-forge/osx-64/rdkit-2022.09.1-py39h693e27b_1.tar.bz2#53e4b25825b9eec21b9e765f1aa9d7cf
https://conda.anaconda.org/conda-forge/noarch/requests-2.28.1-pyhd8ed1ab_1.tar.bz2#089382ee0e2dc2eae33a04cc3c2bddb0
https://conda.anaconda.org/conda-forge/noarch/mordred-1.2.0-py_1.tar.bz2#d7e222ababd2587dfee1fb7194b9a4e9
