# Generated by conda-lock.
# platform: osx-arm64
# input_hash: 10cddefc0f59a98359f4dbd91bae141100c1d525caf0908f67fa8d0f03f2307d
@EXPLICIT
https://conda.anaconda.org/conda-forge/osx-arm64/bzip2-1.0.8-h3422bc3_4.tar.bz2#fc76ace7b94fb1f694988ab1b14dd248
https://conda.anaconda.org/conda-forge/osx-arm64/ca-certificates-2022.9.24-h4653dfc_0.tar.bz2#5911a50099ce7b46f7f32e90dd4adffa
https://conda.anaconda.org/conda-forge/noarch/font-ttf-dejavu-sans-mono-2.37-hab24e00_0.tar.bz2#0c96522c6bdaed4b1566d11387caaf45
https://conda.anaconda.org/conda-forge/noarch/font-ttf-inconsolata-3.000-h77eed37_0.tar.bz2#34893075a5c9e55cdafac56607368fc6
https://conda.anaconda.org/conda-forge/noarch/font-ttf-source-code-pro-2.038-h77eed37_0.tar.bz2#4d59c254e01d9cde7957100457e2d5fb
https://conda.anaconda.org/conda-forge/noarch/font-ttf-ubuntu-0.83-hab24e00_0.tar.bz2#19410c3df09dfb12d1206132a1d357c5
https://conda.anaconda.org/conda-forge/osx-arm64/jpeg-9e-he4db4b2_2.tar.bz2#ad1e3584bfef678a4ca6f9daa6695159
https://conda.anaconda.org/conda-forge/osx-arm64/libbrotlicommon-1.0.9-h1a8c8d9_8.tar.bz2#84eb0c3c995a865079080d092e4a3c06
https://conda.anaconda.org/conda-forge/osx-arm64/libcxx-14.0.6-h2692d47_0.tar.bz2#716c4b72ff3808ade65748fd9b49cc44
https://conda.anaconda.org/conda-forge/osx-arm64/libdeflate-1.14-h1a8c8d9_0.tar.bz2#cb64374f9f7ad86b6194e294c56e06a5
https://conda.anaconda.org/conda-forge/osx-arm64/libffi-3.4.2-h3422bc3_5.tar.bz2#086914b672be056eb70fd4285b6783b6
https://conda.anaconda.org/conda-forge/osx-arm64/libiconv-1.17-he4db4b2_0.tar.bz2#686f9c755574aa221f29fbcf36a67265
https://conda.anaconda.org/conda-forge/osx-arm64/libwebp-base-1.2.4-h57fd34a_0.tar.bz2#23f90b9f28c585445c52184a3388d01d
https://conda.anaconda.org/conda-forge/osx-arm64/libzlib-1.2.13-h03a7124_4.tar.bz2#780852dc54c4c07e64b276a97f89c162
https://conda.anaconda.org/conda-forge/osx-arm64/llvm-openmp-14.0.4-hd125106_0.tar.bz2#e30710831eca6b207a037c465d98777c
https://conda.anaconda.org/conda-forge/osx-arm64/ncurses-6.3-h07bb92c_1.tar.bz2#db86e5a978380a13f5559f97afdfe99d
https://conda.anaconda.org/conda-forge/osx-arm64/pixman-0.40.0-h27ca646_0.tar.bz2#0cedfe37c9aee28f5e926a870965466a
https://conda.anaconda.org/conda-forge/osx-arm64/pthread-stubs-0.4-h27ca646_1001.tar.bz2#d3f26c6494d4105d4ecb85203d687102
https://conda.anaconda.org/conda-forge/noarch/tzdata-2022e-h191b570_0.tar.bz2#b6bd89cf71494c41a181cac13cc5a8ea
https://conda.anaconda.org/conda-forge/osx-arm64/xorg-libxau-1.0.9-h27ca646_0.tar.bz2#e2fa1f5a28cf0ce02516baf910be132e
https://conda.anaconda.org/conda-forge/osx-arm64/xorg-libxdmcp-1.1.3-h27ca646_0.tar.bz2#6738b13f7fadc18725965abdd4129c36
https://conda.anaconda.org/conda-forge/osx-arm64/xz-5.2.6-h57fd34a_0.tar.bz2#39c6b54e94014701dd157f4f576ed211
https://conda.anaconda.org/conda-forge/osx-arm64/yaml-0.2.5-h3422bc3_2.tar.bz2#4bb3f014845110883a3c5ee811fd84b4
https://conda.anaconda.org/conda-forge/osx-arm64/expat-2.5.0-hb7217d7_0.tar.bz2#88defcdff52e5c8b7238239bc53c02d2
https://conda.anaconda.org/conda-forge/noarch/fonts-conda-forge-1-0.tar.bz2#f766549260d6815b0c52253f1fb1bb29
https://conda.anaconda.org/conda-forge/osx-arm64/gettext-0.21.1-h0186832_0.tar.bz2#63d2ff6fddfa74e5458488fd311bf635
https://conda.anaconda.org/conda-forge/osx-arm64/icu-70.1-h6b3803e_0.tar.bz2#5fbe318a6be2e8d0f9b0b0c730a62748
https://conda.anaconda.org/conda-forge/osx-arm64/lerc-4.0.0-h9a09cb3_0.tar.bz2#de462d5aacda3b30721b512c5da4e742
https://conda.anaconda.org/conda-forge/osx-arm64/libbrotlidec-1.0.9-h1a8c8d9_8.tar.bz2#640ea7b788cdd0420409bd8479f023f9
https://conda.anaconda.org/conda-forge/osx-arm64/libbrotlienc-1.0.9-h1a8c8d9_8.tar.bz2#572907b78be867937c258421bc0807a8
https://conda.anaconda.org/conda-forge/osx-arm64/libgfortran5-11.3.0-hdaf2cc0_25.tar.bz2#bdbfca46b391ce865243312e92b0b231
https://conda.anaconda.org/conda-forge/osx-arm64/libpng-1.6.38-h76d750c_0.tar.bz2#bbeca54ede0a21405ae1ba6026d78d33
https://conda.anaconda.org/conda-forge/osx-arm64/libsqlite-3.39.4-h76d750c_0.tar.bz2#bc447b47695c18c7e018fe47f24c16a0
https://conda.anaconda.org/conda-forge/osx-arm64/libxcb-1.13-h9b22ae9_1004.tar.bz2#6b3457a192f8091cb413962f65740ac4
https://conda.anaconda.org/conda-forge/osx-arm64/openssl-3.0.5-h03a7124_2.tar.bz2#09d751ab09102f7a27761110d07cab1a
https://conda.anaconda.org/conda-forge/osx-arm64/pcre2-10.37-hcf5f1cc_1.tar.bz2#8ce1c1c5574bc3566d07280880c514e4
https://conda.anaconda.org/conda-forge/osx-arm64/readline-8.1.2-h46ed386_0.tar.bz2#dc790f296d94409efb3f22af84ee968d
https://conda.anaconda.org/conda-forge/osx-arm64/tk-8.6.12-he1e0b03_0.tar.bz2#2cb3d18eac154109107f093860bd545f
https://conda.anaconda.org/conda-forge/osx-arm64/zlib-1.2.13-h03a7124_4.tar.bz2#34161cff4e29cc45e536abf2f13fd6b4
https://conda.anaconda.org/conda-forge/osx-arm64/zstd-1.5.2-h8128057_4.tar.bz2#dc4c74dcc759058dae2324144f336de0
https://conda.anaconda.org/conda-forge/osx-arm64/boost-cpp-1.78.0-h1cb353e_1.tar.bz2#f2a34b853f0aeee4db721a1f70da6905
https://conda.anaconda.org/conda-forge/osx-arm64/brotli-bin-1.0.9-h1a8c8d9_8.tar.bz2#f212620a4f3606ff8f800b8b1077415a
https://conda.anaconda.org/conda-forge/noarch/fonts-conda-ecosystem-1-0.tar.bz2#fee5683a3f04bd15cbd8318b096a27ab
https://conda.anaconda.org/conda-forge/osx-arm64/freetype-2.12.1-hd633e50_0.tar.bz2#297b55e1c4cef588bb93b32be0fb3729
https://conda.anaconda.org/conda-forge/osx-arm64/libgfortran-5.0.0-11_3_0_hd922786_25.tar.bz2#cc4376ee8e97be18874c75599f51cd8f
https://conda.anaconda.org/conda-forge/osx-arm64/libglib-2.74.1-h14ed1c1_0.tar.bz2#4119a6cb17705ec6b1c518ce58788f4c
https://conda.anaconda.org/conda-forge/osx-arm64/libtiff-4.4.0-hfa0b094_4.tar.bz2#40a647c7d6780b71cc36225ef80da7f6
https://conda.anaconda.org/conda-forge/osx-arm64/sqlite-3.39.4-h2229b38_0.tar.bz2#e11a77ec381e452e9fb9e16a36faeada
https://conda.anaconda.org/conda-forge/osx-arm64/brotli-1.0.9-h1a8c8d9_8.tar.bz2#e2a5e381ddd6529eb62e7710270b2ec5
https://conda.anaconda.org/conda-forge/osx-arm64/fontconfig-2.14.1-h82840c6_0.tar.bz2#64ee99d6ad6ffc0feb7b46082348fcae
https://conda.anaconda.org/conda-forge/osx-arm64/lcms2-2.13.1-h8193b64_0.tar.bz2#05363eafb59422a67e2bb5890fc15130
https://conda.anaconda.org/conda-forge/osx-arm64/libopenblas-0.3.21-openmp_hc731615_3.tar.bz2#2a980a5d8cc34ce70d339b983f9920de
https://conda.anaconda.org/conda-forge/osx-arm64/openjpeg-2.5.0-h5d4e404_1.tar.bz2#4d65dff04bceb645c98a514c52df217f
https://conda.anaconda.org/conda-forge/osx-arm64/python-3.9.13-h96fcbfb_0_cpython.tar.bz2#b931e71d282753be679bd2602840f902
https://conda.anaconda.org/conda-forge/noarch/attrs-22.1.0-pyh71513ae_1.tar.bz2#6d3ccbc56256204925bfa8378722792f
https://conda.anaconda.org/conda-forge/noarch/autopage-0.5.1-pyhd8ed1ab_0.tar.bz2#5cda00cc5f9463f90af6d5182346b08a
https://conda.anaconda.org/conda-forge/noarch/backports-1.0-py_2.tar.bz2#0da16b293affa6ac31812376f8eb79dd
https://conda.anaconda.org/conda-forge/osx-arm64/cairo-1.16.0-h73a0509_1014.tar.bz2#be2ea75899a7b1f1dd59a862fac655ee
https://conda.anaconda.org/conda-forge/noarch/certifi-2022.9.24-pyhd8ed1ab_0.tar.bz2#f66309b099374af91369e67e84af397d
https://conda.anaconda.org/conda-forge/noarch/charset-normalizer-2.1.1-pyhd8ed1ab_0.tar.bz2#c1d5b294fbf9a795dec349a6f4d8be8e
https://conda.anaconda.org/conda-forge/noarch/click-8.1.3-unix_pyhd8ed1ab_2.tar.bz2#20e4087407c7cb04a40817114b333dbf
https://conda.anaconda.org/conda-forge/noarch/colorama-0.4.6-pyhd8ed1ab_0.tar.bz2#3faab06a954c2a04039983f2c4a50d99
https://conda.anaconda.org/conda-forge/noarch/cycler-0.11.0-pyhd8ed1ab_0.tar.bz2#a50559fad0affdbb33729a68669ca1cb
https://conda.anaconda.org/conda-forge/noarch/dill-0.3.6-pyhd8ed1ab_1.tar.bz2#88c82ca702197fff8a5e87619707556b
https://conda.anaconda.org/conda-forge/noarch/idna-3.4-pyhd8ed1ab_0.tar.bz2#34272b248891bddccc64479f9a7fffed
https://conda.anaconda.org/conda-forge/noarch/itsdangerous-2.1.2-pyhd8ed1ab_0.tar.bz2#3c3de74912f11d2b590184f03c7cd09b
https://conda.anaconda.org/conda-forge/osx-arm64/libblas-3.9.0-16_osxarm64_openblas.tar.bz2#53d6d5097f0d62e24db8c1979a21102e
https://conda.anaconda.org/conda-forge/noarch/munkres-1.1.4-pyh9f0ad1d_0.tar.bz2#2ba8498c1018c1e9c61eb99b973dfe19
https://conda.anaconda.org/conda-forge/noarch/networkx-2.8.7-pyhd8ed1ab_0.tar.bz2#1b74438a7270b1e2cbd3de9dba18ebb6
https://conda.anaconda.org/conda-forge/noarch/pycparser-2.21-pyhd8ed1ab_0.tar.bz2#076becd9e05608f8dc72757d5f3a91ff
https://conda.anaconda.org/conda-forge/noarch/pyparsing-3.0.9-pyhd8ed1ab_0.tar.bz2#e8fbc1b54b25f4b08281467bc13b70cc
https://conda.anaconda.org/conda-forge/noarch/pyperclip-1.8.2-pyhd8ed1ab_2.tar.bz2#8d7c6507e902193f9b1e9612f0210a4b
https://conda.anaconda.org/conda-forge/noarch/pysocks-1.7.1-pyha2e5f31_6.tar.bz2#2a7de29fb590ca14b5243c4c812c8025
https://conda.anaconda.org/conda-forge/osx-arm64/python_abi-3.9-2_cp39.tar.bz2#ba3082b5441b482d5cfe328d4e7ba0bf
https://conda.anaconda.org/conda-forge/noarch/pytz-2022.5-pyhd8ed1ab_0.tar.bz2#565724d09157870f0e469b1a0a172a6d
https://conda.anaconda.org/conda-forge/noarch/setuptools-65.5.0-pyhd8ed1ab_0.tar.bz2#462466739c786f85f9ed555f87099fe1
https://conda.anaconda.org/conda-forge/noarch/six-1.16.0-pyh6c4a22f_0.tar.bz2#e5f25f8dbc060e9a8d912e432202afc2
https://conda.anaconda.org/conda-forge/noarch/threadpoolctl-3.1.0-pyh8a188c0_0.tar.bz2#a2995ee828f65687ac5b1e71a2ab1e0c
https://conda.anaconda.org/conda-forge/noarch/wheel-0.37.1-pyhd8ed1ab_0.tar.bz2#1ca02aaf78d9c70d9a81a3bed5752022
https://conda.anaconda.org/conda-forge/noarch/zipp-3.10.0-pyhd8ed1ab_0.tar.bz2#cd4eb48ebde7de61f92252979aab515c
https://conda.anaconda.org/conda-forge/noarch/backports.functools_lru_cache-1.6.4-pyhd8ed1ab_0.tar.bz2#c5b3edc62d6309088f4970b3eaaa65a6
https://conda.anaconda.org/conda-forge/osx-arm64/cffi-1.15.1-py39h7e6b969_1.tar.bz2#2840b36d4a8a4b44641e2e16d4385e3d
https://conda.anaconda.org/conda-forge/osx-arm64/colorlog-6.7.0-py39h2804cbe_1.tar.bz2#c6af0836feed69057578c2fde5e91785
https://conda.anaconda.org/conda-forge/osx-arm64/greenlet-1.1.3.post0-py39h23fbdae_0.tar.bz2#4901d5f11fd35e2c4eccea5bfae0814d
https://conda.anaconda.org/conda-forge/osx-arm64/gunicorn-20.1.0-py39h2804cbe_3.tar.bz2#f922160ceec2220530c29cc0c815c6ea
https://conda.anaconda.org/conda-forge/noarch/importlib-metadata-5.0.0-pyha770c72_1.tar.bz2#ec069c4db6a0ad84107bac5da62819d2
https://conda.anaconda.org/conda-forge/noarch/importlib_resources-5.10.0-pyhd8ed1ab_0.tar.bz2#eb521efe7f5550de7573bc1629b74a05
https://conda.anaconda.org/conda-forge/noarch/joblib-1.2.0-pyhd8ed1ab_0.tar.bz2#7583652522d71ad78ba536bba06940eb
https://conda.anaconda.org/conda-forge/osx-arm64/kiwisolver-1.4.4-py39haaf3ac1_1.tar.bz2#5f43e4d5437b93606167c640ea2d06c1
https://conda.anaconda.org/conda-forge/osx-arm64/libcblas-3.9.0-16_osxarm64_openblas.tar.bz2#c7cfc18378f00d3faf7f8a9a2553be3c
https://conda.anaconda.org/conda-forge/osx-arm64/liblapack-3.9.0-16_osxarm64_openblas.tar.bz2#52d270c579bfca986d6cdd81eb5ed6e7
https://conda.anaconda.org/conda-forge/osx-arm64/markupsafe-2.1.1-py39h02fc5c5_2.tar.bz2#bdf477e1fea203ad4cf628c879595706
https://conda.anaconda.org/conda-forge/noarch/packaging-21.3-pyhd8ed1ab_0.tar.bz2#71f1ab2de48613876becddd496371c85
https://conda.anaconda.org/conda-forge/osx-arm64/pillow-9.2.0-py39h139752e_3.tar.bz2#9a8ba1da3956c2f1a1b1f8f866adcacb
https://conda.anaconda.org/conda-forge/noarch/pip-20.0.2-py_2.tar.bz2#70e60f1bf7c83ede9f7b2551d006db8c
https://conda.anaconda.org/conda-forge/osx-arm64/pycairo-1.21.0-py39h8c587d4_2.tar.bz2#ba928ccbe9652c085cfb9329c629533a
https://conda.anaconda.org/conda-forge/noarch/python-dateutil-2.8.2-pyhd8ed1ab_0.tar.bz2#dd999d1cc9f79e67dbb855c8924c7984
https://conda.anaconda.org/conda-forge/osx-arm64/pyyaml-6.0-py39h02fc5c5_5.tar.bz2#0f0d3b67c91d129e1fd912985880eaa5
https://conda.anaconda.org/conda-forge/noarch/tqdm-4.64.1-pyhd8ed1ab_0.tar.bz2#5526ff3f88f9db87bb0924b9ce575345
https://conda.anaconda.org/conda-forge/osx-arm64/unicodedata2-14.0.0-py39h02fc5c5_2.tar.bz2#cc704de9c0b7652480f5dd0bfe8e4270
https://conda.anaconda.org/conda-forge/noarch/aniso8601-9.0.1-pyhd8ed1ab_0.tar.bz2#36fba1a639f2d24723c5480345b78553
https://conda.anaconda.org/conda-forge/osx-arm64/brotlipy-0.7.0-py39h02fc5c5_1005.tar.bz2#cf0b1f6f29ee28e7b20d49cb66bae19e
https://conda.anaconda.org/conda-forge/osx-arm64/cryptography-38.0.2-py39he2a39a8_2.tar.bz2#1ddb52a79e1d7cf5afb5d8d9232ddc26
https://conda.anaconda.org/conda-forge/osx-arm64/fonttools-4.38.0-py39h02fc5c5_1.tar.bz2#bad1666f9a5aa9743e2be7b6818d752a
https://conda.anaconda.org/conda-forge/noarch/importlib_metadata-5.0.0-hd8ed1ab_1.tar.bz2#ee3205c546fdeeaa45ae8d1e2325e13c
https://conda.anaconda.org/conda-forge/noarch/jinja2-3.1.2-pyhd8ed1ab_1.tar.bz2#c8490ed5c70966d232fdd389d0dbed37
https://conda.anaconda.org/conda-forge/noarch/mako-1.2.3-pyhd8ed1ab_0.tar.bz2#f19bdf719a181766edd09cbc08616868
https://conda.anaconda.org/conda-forge/noarch/marshmallow-3.17.1-pyhd8ed1ab_0.tar.bz2#ef19c09ac5650d03f60844cb03381144
https://conda.anaconda.org/conda-forge/osx-arm64/numpy-1.22.4-py39h7df2422_0.tar.bz2#859d854797724490cd0f171c35f0c38f
https://conda.anaconda.org/conda-forge/noarch/pbr-5.11.0-pyhd8ed1ab_0.tar.bz2#10de1749f30caa3907892f14c5fcafbe
https://conda.anaconda.org/conda-forge/osx-arm64/reportlab-3.5.68-py39h3fc2f6e_1.tar.bz2#758cbcd42e19e1565f4465012b4ff595
https://conda.anaconda.org/conda-forge/osx-arm64/sqlalchemy-1.4.42-py39h02fc5c5_1.tar.bz2#9cfbca57cf47bf8133a38c72b45295d0
https://conda.anaconda.org/conda-forge/noarch/wcwidth-0.2.5-pyh9f0ad1d_2.tar.bz2#5266fcd697043c59621fda522b3d78ee
https://conda.anaconda.org/conda-forge/noarch/werkzeug-2.2.2-pyhd8ed1ab_0.tar.bz2#8e69568592e552919201f730b01a58c2
https://conda.anaconda.org/conda-forge/noarch/alembic-1.8.1-pyhd8ed1ab_0.tar.bz2#bdde76f5d65a9374d07aa3dfa27571e0
https://conda.anaconda.org/conda-forge/osx-arm64/boost-1.78.0-py39h99de9ae_4.tar.bz2#2f31c1c80c2724191fd7d498d1dff1a7
https://conda.anaconda.org/conda-forge/noarch/cmaes-0.8.2-pyh44b312d_0.tar.bz2#7bea986d2adbde991615e19f96458b2f
https://conda.anaconda.org/conda-forge/osx-arm64/cmd2-2.4.2-py39h2804cbe_0.tar.bz2#ccfe1f82e5280551ced6bd653f00b91b
https://conda.anaconda.org/conda-forge/osx-arm64/contourpy-1.0.5-py39haaf3ac1_1.tar.bz2#dc6a551e107d126735a09374b192eb8a
https://conda.anaconda.org/conda-forge/noarch/flask-2.2.2-pyhd8ed1ab_0.tar.bz2#85fad4c7889dd969ed4c02cf63cfe9c5
https://conda.anaconda.org/conda-forge/osx-arm64/pandas-1.4.4-py39he7125aa_0.tar.bz2#a93af959a281c15451ccf223f90501f3
https://conda.anaconda.org/conda-forge/noarch/prettytable-3.4.1-pyhd8ed1ab_0.tar.bz2#3f617df7fb94c7069084370e00e2bfd3
https://conda.anaconda.org/conda-forge/noarch/pyopenssl-22.1.0-pyhd8ed1ab_0.tar.bz2#fbfa0a180d48c800f922a10a114a8632
https://conda.anaconda.org/conda-forge/osx-arm64/scipy-1.9.3-py39h18313fe_1.tar.bz2#df1227399205beefee28087bec4dda66
https://conda.anaconda.org/conda-forge/noarch/stevedore-4.1.0-pyhd8ed1ab_0.tar.bz2#1b005e8785cff0320b0230de0873dbc5
https://conda.anaconda.org/conda-forge/noarch/cliff-4.0.0-pyhd8ed1ab_0.tar.bz2#22d37c7875509cbd538eeec56e6bb183
https://conda.anaconda.org/conda-forge/noarch/flask-restful-0.3.9-pyhd8ed1ab_0.tar.bz2#500294b659c23821d2469af8b1045e81
https://conda.anaconda.org/conda-forge/osx-arm64/matplotlib-base-3.6.1-py39h35e9e80_1.tar.bz2#1a92f90f0b567c6e1ae4ee16a6741edc
https://conda.anaconda.org/conda-forge/osx-arm64/scikit-learn-1.1.1-py39h255bef5_0.tar.bz2#234f920b03400048c0ee0fe61f472004
https://conda.anaconda.org/conda-forge/noarch/urllib3-1.26.11-pyhd8ed1ab_0.tar.bz2#0738978569b10669bdef41c671252dd1
https://conda.anaconda.org/conda-forge/noarch/optuna-2.10.1-pyhd8ed1ab_0.tar.bz2#8c121b67b590fdd41f1e686e008eaa99
https://conda.anaconda.org/conda-forge/osx-arm64/rdkit-2022.09.1-py39hed0c4f2_1.tar.bz2#243694fee8287d0209cc26af1dbca846
https://conda.anaconda.org/conda-forge/noarch/requests-2.28.1-pyhd8ed1ab_1.tar.bz2#089382ee0e2dc2eae33a04cc3c2bddb0
https://conda.anaconda.org/conda-forge/noarch/mordred-1.2.0-py_1.tar.bz2#d7e222ababd2587dfee1fb7194b9a4e9
