# Generated by conda-lock.
# platform: linux-aarch64
# input_hash: 0d8a07d09034e2ece260354a9ae97062835d62ddcf0028cbe095075efab8fb7c
@EXPLICIT
https://conda.anaconda.org/conda-forge/linux-aarch64/ca-certificates-2022.9.24-h4fd8a4c_0.tar.bz2#831557fcf92cfc4353eb69fb95524b6c
https://conda.anaconda.org/conda-forge/noarch/font-ttf-dejavu-sans-mono-2.37-hab24e00_0.tar.bz2#0c96522c6bdaed4b1566d11387caaf45
https://conda.anaconda.org/conda-forge/noarch/font-ttf-inconsolata-3.000-h77eed37_0.tar.bz2#34893075a5c9e55cdafac56607368fc6
https://conda.anaconda.org/conda-forge/noarch/font-ttf-source-code-pro-2.038-h77eed37_0.tar.bz2#4d59c254e01d9cde7957100457e2d5fb
https://conda.anaconda.org/conda-forge/noarch/font-ttf-ubuntu-0.83-hab24e00_0.tar.bz2#19410c3df09dfb12d1206132a1d357c5
https://conda.anaconda.org/conda-forge/linux-aarch64/ld_impl_linux-aarch64-2.39-ha75b1e8_0.tar.bz2#b1f9c443a460b0916cac377b7d494111
https://conda.anaconda.org/conda-forge/linux-aarch64/libgfortran5-12.2.0-hf695500_19.tar.bz2#bc890809e1f807b51bf04dfbee70ddf5
https://conda.anaconda.org/conda-forge/linux-aarch64/libgomp-12.2.0-h607ecd0_19.tar.bz2#65b9cb876525dcb2e74a90cf02c6762a
https://conda.anaconda.org/conda-forge/linux-aarch64/libstdcxx-ng-12.2.0-hc13a102_19.tar.bz2#981741cd4321edd5c504b48f74fe91f2
https://conda.anaconda.org/conda-forge/noarch/tzdata-2022e-h191b570_0.tar.bz2#b6bd89cf71494c41a181cac13cc5a8ea
https://conda.anaconda.org/conda-forge/linux-aarch64/_openmp_mutex-4.5-2_gnu.tar.bz2#6168d71addc746e8f2b8d57dfd2edcea
https://conda.anaconda.org/conda-forge/noarch/fonts-conda-forge-1-0.tar.bz2#f766549260d6815b0c52253f1fb1bb29
https://conda.anaconda.org/conda-forge/linux-aarch64/libgfortran-ng-12.2.0-he9431aa_19.tar.bz2#b5b34211bbf681bd3e7a5a4d80cce77b
https://conda.anaconda.org/conda-forge/noarch/fonts-conda-ecosystem-1-0.tar.bz2#fee5683a3f04bd15cbd8318b096a27ab
https://conda.anaconda.org/conda-forge/linux-aarch64/libgcc-ng-12.2.0-h607ecd0_19.tar.bz2#8456a29b6d9fc3123ccb9a966b6b2c49
https://conda.anaconda.org/conda-forge/linux-aarch64/bzip2-1.0.8-hf897c2e_4.tar.bz2#2d787570a729e273a4e75775ddf3348a
https://conda.anaconda.org/conda-forge/linux-aarch64/expat-2.5.0-ha18d298_0.tar.bz2#aa6a0bf10d95acf29e72259197e8b9bd
https://conda.anaconda.org/conda-forge/linux-aarch64/gettext-0.21.1-ha18d298_0.tar.bz2#b109f1a4d22966793d61fd7f75b744c3
https://conda.anaconda.org/conda-forge/linux-aarch64/icu-70.1-ha18d298_0.tar.bz2#014656d28b7b6f8a566437c69552f9ae
https://conda.anaconda.org/conda-forge/linux-aarch64/jpeg-9e-h9cdd2b7_2.tar.bz2#8fd15daa7515a0fea9b3b68495118238
https://conda.anaconda.org/conda-forge/linux-aarch64/lerc-4.0.0-h4de3ea5_0.tar.bz2#1a0ffc65e03ce81559dbcb0695ad1476
https://conda.anaconda.org/conda-forge/linux-aarch64/libbrotlicommon-1.0.9-h4e544f5_8.tar.bz2#3cedc3935cfaa2a5303daa25fb12cb1d
https://conda.anaconda.org/conda-forge/linux-aarch64/libdeflate-1.14-h4e544f5_0.tar.bz2#d98452637cbf62abad9140fa93365f94
https://conda.anaconda.org/conda-forge/linux-aarch64/libffi-3.4.2-h3557bc0_5.tar.bz2#dddd85f4d52121fab0a8b099c5e06501
https://conda.anaconda.org/conda-forge/linux-aarch64/libiconv-1.17-h9cdd2b7_0.tar.bz2#efc27cfbc82a027f65c02c661832ecfc
https://conda.anaconda.org/conda-forge/linux-aarch64/libnsl-2.0.0-hf897c2e_0.tar.bz2#36fdbc05c9d9145ece86f5a63c3f352e
https://conda.anaconda.org/conda-forge/linux-aarch64/libopenblas-0.3.21-pthreads_h6cb6f83_3.tar.bz2#bc66302748a788c3bce59999ed6d737d
https://conda.anaconda.org/conda-forge/linux-aarch64/libuuid-2.32.1-hf897c2e_1000.tar.bz2#e038da5ef9095b0d79aac14a311394e7
https://conda.anaconda.org/conda-forge/linux-aarch64/libwebp-base-1.2.4-h4e544f5_0.tar.bz2#9c307c3dba834b9529f6dcd95db543ed
https://conda.anaconda.org/conda-forge/linux-aarch64/libzlib-1.2.13-h4e544f5_4.tar.bz2#88596b6277fe6d39f046983aae6044db
https://conda.anaconda.org/conda-forge/linux-aarch64/ncurses-6.3-headf329_1.tar.bz2#486b68148e121bc8bbadc3cefae4c04f
https://conda.anaconda.org/conda-forge/linux-aarch64/openssl-3.0.5-h4e544f5_2.tar.bz2#84de06ee822d6c051d5392d34368af66
https://conda.anaconda.org/conda-forge/linux-aarch64/pixman-0.40.0-hb9de7d4_0.tar.bz2#f3c0267498811a1820fdaf291efc3195
https://conda.anaconda.org/conda-forge/linux-aarch64/pthread-stubs-0.4-hb9de7d4_1001.tar.bz2#d0183ec6ce0b5aaa3486df25fa5f0ded
https://conda.anaconda.org/conda-forge/linux-aarch64/xorg-kbproto-1.0.7-h3557bc0_1002.tar.bz2#ec8ce6b3dac3945a4010559a6284b755
https://conda.anaconda.org/conda-forge/linux-aarch64/xorg-libice-1.0.10-h3557bc0_0.tar.bz2#9f12ca8b69fc217317223f4068b04498
https://conda.anaconda.org/conda-forge/linux-aarch64/xorg-libxau-1.0.9-h3557bc0_0.tar.bz2#e0c187f5ce240897762bbb89a8a407cc
https://conda.anaconda.org/conda-forge/linux-aarch64/xorg-libxdmcp-1.1.3-h3557bc0_0.tar.bz2#a6c9016ae1ca5c47a3603ed4cd65fedd
https://conda.anaconda.org/conda-forge/linux-aarch64/xorg-renderproto-0.11.1-h3557bc0_1002.tar.bz2#01cbfe96ce66b78a9a270ac305791dd2
https://conda.anaconda.org/conda-forge/linux-aarch64/xorg-xextproto-7.3.0-h3557bc0_1002.tar.bz2#6eab1f5756fe65cd29ac2126664dd21b
https://conda.anaconda.org/conda-forge/linux-aarch64/xorg-xproto-7.0.31-h3557bc0_1007.tar.bz2#987e98faa0ad2c667bbea6b6aae260bc
https://conda.anaconda.org/conda-forge/linux-aarch64/xz-5.2.6-h9cdd2b7_0.tar.bz2#83baad393a31d59c20b63ba4da6592df
https://conda.anaconda.org/conda-forge/linux-aarch64/yaml-0.2.5-hf897c2e_2.tar.bz2#b853307650cb226731f653aa623936a4
https://conda.anaconda.org/conda-forge/linux-aarch64/libblas-3.9.0-16_linuxaarch64_openblas.tar.bz2#188f02883567d5b7f96c7aa12e7007c9
https://conda.anaconda.org/conda-forge/linux-aarch64/libbrotlidec-1.0.9-h4e544f5_8.tar.bz2#319956380b383ec9f6a46d585599c028
https://conda.anaconda.org/conda-forge/linux-aarch64/libbrotlienc-1.0.9-h4e544f5_8.tar.bz2#56a0a025208af24e2b43b2bbeee79802
https://conda.anaconda.org/conda-forge/linux-aarch64/libpng-1.6.38-hf9034f9_0.tar.bz2#64c24041ed1b1e01425f950ed0f8b148
https://conda.anaconda.org/conda-forge/linux-aarch64/libsqlite-3.39.4-hf9034f9_0.tar.bz2#cd65f7b7d956c3b813b94d2d6c4c697a
https://conda.anaconda.org/conda-forge/linux-aarch64/libxcb-1.13-h3557bc0_1004.tar.bz2#cc973f5f452272c397546eac588cddb3
https://conda.anaconda.org/conda-forge/linux-aarch64/pcre2-10.37-he7b27c6_1.tar.bz2#92d2adc6b703cfcbef2c7347e59a8a92
https://conda.anaconda.org/conda-forge/linux-aarch64/readline-8.1.2-h38e3740_0.tar.bz2#3cdbfb7d7b63ae2c2d35bb167d257ecd
https://conda.anaconda.org/conda-forge/linux-aarch64/tk-8.6.12-hd8af866_0.tar.bz2#7894e82ff743bd96c76585ddebe28e2a
https://conda.anaconda.org/conda-forge/linux-aarch64/xorg-libsm-1.2.3-h965e137_1000.tar.bz2#bd35f4b1904746d92500ca66a3b1caf4
https://conda.anaconda.org/conda-forge/linux-aarch64/zlib-1.2.13-h4e544f5_4.tar.bz2#dc8395f4a79bb0b13ca7d855c72482d4
https://conda.anaconda.org/conda-forge/linux-aarch64/zstd-1.5.2-hc1e27d5_4.tar.bz2#f5627b0fef9a5267fd4d2ad5d8b5c1b3
https://conda.anaconda.org/conda-forge/linux-aarch64/boost-cpp-1.74.0-ha1c1135_8.tar.bz2#5fa87e26d2d1fd9a4adc53de2a8c922d
https://conda.anaconda.org/conda-forge/linux-aarch64/brotli-bin-1.0.9-h4e544f5_8.tar.bz2#0980429a0148a53edd0f1f207ec28a39
https://conda.anaconda.org/conda-forge/linux-aarch64/freetype-2.12.1-hbbbf32d_0.tar.bz2#3bfd4d79b5d93fa03f94e243d5f640d2
https://conda.anaconda.org/conda-forge/linux-aarch64/libcblas-3.9.0-16_linuxaarch64_openblas.tar.bz2#520a3ecbebc63239c27dd6f70c2ababe
https://conda.anaconda.org/conda-forge/linux-aarch64/libglib-2.74.1-h58953e2_0.tar.bz2#e451cef23eaf067a47774210d8eb0af8
https://conda.anaconda.org/conda-forge/linux-aarch64/liblapack-3.9.0-16_linuxaarch64_openblas.tar.bz2#62990b2d1efc22d0beb394e893d39541
https://conda.anaconda.org/conda-forge/linux-aarch64/libtiff-4.4.0-hacef7f3_4.tar.bz2#bf4778c9d0cf28b914a24d711b569335
https://conda.anaconda.org/conda-forge/linux-aarch64/sqlite-3.39.4-h69ca7e5_0.tar.bz2#dd7f00021ca9e6606316410afc9b9c83
https://conda.anaconda.org/conda-forge/linux-aarch64/xorg-libx11-1.7.2-h3557bc0_0.tar.bz2#cb17ef3b158247c80f6f5c62ce435685
https://conda.anaconda.org/conda-forge/linux-aarch64/brotli-1.0.9-h4e544f5_8.tar.bz2#259d82bd990ba225508389509634b157
https://conda.anaconda.org/conda-forge/linux-aarch64/fontconfig-2.14.1-h77febde_0.tar.bz2#b1fb3a42a1a3c1fe2c1abc306fe9fdfd
https://conda.anaconda.org/conda-forge/linux-aarch64/lcms2-2.13.1-h5246980_0.tar.bz2#12aac315e6c98459164c407aa35f5eeb
https://conda.anaconda.org/conda-forge/linux-aarch64/openjpeg-2.5.0-h9b6de37_1.tar.bz2#3638647a2b0a7aa92be687fcc500af60
https://conda.anaconda.org/conda-forge/linux-aarch64/python-3.9.13-h5016f1d_0_cpython.tar.bz2#55fbf16ae0237bd720c5231734d778dc
https://conda.anaconda.org/conda-forge/linux-aarch64/xorg-libxext-1.3.4-h3557bc0_1.tar.bz2#2aab1b533c922a4684ae083a38008d23
https://conda.anaconda.org/conda-forge/linux-aarch64/xorg-libxrender-0.9.10-h3557bc0_1003.tar.bz2#3e2d3b39406da543f0004ed1c7863978
https://conda.anaconda.org/conda-forge/noarch/attrs-22.1.0-pyh71513ae_1.tar.bz2#6d3ccbc56256204925bfa8378722792f
https://conda.anaconda.org/conda-forge/noarch/autopage-0.5.1-pyhd8ed1ab_0.tar.bz2#5cda00cc5f9463f90af6d5182346b08a
https://conda.anaconda.org/conda-forge/noarch/backports-1.0-py_2.tar.bz2#0da16b293affa6ac31812376f8eb79dd
https://conda.anaconda.org/conda-forge/linux-aarch64/cairo-1.16.0-hd19fb6e_1014.tar.bz2#9327b6d0a90328b67e41a966b7bfd138
https://conda.anaconda.org/conda-forge/noarch/certifi-2022.9.24-pyhd8ed1ab_0.tar.bz2#f66309b099374af91369e67e84af397d
https://conda.anaconda.org/conda-forge/noarch/charset-normalizer-2.1.1-pyhd8ed1ab_0.tar.bz2#c1d5b294fbf9a795dec349a6f4d8be8e
https://conda.anaconda.org/conda-forge/noarch/click-8.1.3-unix_pyhd8ed1ab_2.tar.bz2#20e4087407c7cb04a40817114b333dbf
https://conda.anaconda.org/conda-forge/noarch/colorama-0.4.6-pyhd8ed1ab_0.tar.bz2#3faab06a954c2a04039983f2c4a50d99
https://conda.anaconda.org/conda-forge/noarch/cycler-0.11.0-pyhd8ed1ab_0.tar.bz2#a50559fad0affdbb33729a68669ca1cb
https://conda.anaconda.org/conda-forge/noarch/dill-0.3.6-pyhd8ed1ab_1.tar.bz2#88c82ca702197fff8a5e87619707556b
https://conda.anaconda.org/conda-forge/noarch/idna-3.4-pyhd8ed1ab_0.tar.bz2#34272b248891bddccc64479f9a7fffed
https://conda.anaconda.org/conda-forge/noarch/itsdangerous-2.1.2-pyhd8ed1ab_0.tar.bz2#3c3de74912f11d2b590184f03c7cd09b
https://conda.anaconda.org/conda-forge/noarch/munkres-1.1.4-pyh9f0ad1d_0.tar.bz2#2ba8498c1018c1e9c61eb99b973dfe19
https://conda.anaconda.org/conda-forge/noarch/networkx-2.8.7-pyhd8ed1ab_0.tar.bz2#1b74438a7270b1e2cbd3de9dba18ebb6
https://conda.anaconda.org/conda-forge/noarch/pycparser-2.21-pyhd8ed1ab_0.tar.bz2#076becd9e05608f8dc72757d5f3a91ff
https://conda.anaconda.org/conda-forge/noarch/pyparsing-3.0.9-pyhd8ed1ab_0.tar.bz2#e8fbc1b54b25f4b08281467bc13b70cc
https://conda.anaconda.org/conda-forge/noarch/pyperclip-1.8.2-pyhd8ed1ab_2.tar.bz2#8d7c6507e902193f9b1e9612f0210a4b
https://conda.anaconda.org/conda-forge/noarch/pysocks-1.7.1-pyha2e5f31_6.tar.bz2#2a7de29fb590ca14b5243c4c812c8025
https://conda.anaconda.org/conda-forge/linux-aarch64/python_abi-3.9-2_cp39.tar.bz2#c74e493d773fa544a312b0904abcfbfb
https://conda.anaconda.org/conda-forge/noarch/pytz-2022.5-pyhd8ed1ab_0.tar.bz2#565724d09157870f0e469b1a0a172a6d
https://conda.anaconda.org/conda-forge/noarch/setuptools-65.5.0-pyhd8ed1ab_0.tar.bz2#462466739c786f85f9ed555f87099fe1
https://conda.anaconda.org/conda-forge/noarch/six-1.16.0-pyh6c4a22f_0.tar.bz2#e5f25f8dbc060e9a8d912e432202afc2
https://conda.anaconda.org/conda-forge/noarch/threadpoolctl-3.1.0-pyh8a188c0_0.tar.bz2#a2995ee828f65687ac5b1e71a2ab1e0c
https://conda.anaconda.org/conda-forge/noarch/wheel-0.37.1-pyhd8ed1ab_0.tar.bz2#1ca02aaf78d9c70d9a81a3bed5752022
https://conda.anaconda.org/conda-forge/noarch/zipp-3.10.0-pyhd8ed1ab_0.tar.bz2#cd4eb48ebde7de61f92252979aab515c
https://conda.anaconda.org/conda-forge/noarch/backports.functools_lru_cache-1.6.4-pyhd8ed1ab_0.tar.bz2#c5b3edc62d6309088f4970b3eaaa65a6
https://conda.anaconda.org/conda-forge/linux-aarch64/cffi-1.15.1-py39hb26bf21_2.tar.bz2#00eb46387466e9b3815e98d22998cbb6
https://conda.anaconda.org/conda-forge/linux-aarch64/colorlog-6.7.0-py39h4420490_1.tar.bz2#fb7821eaae3f0854fbad97e15a3322f9
https://conda.anaconda.org/conda-forge/linux-aarch64/greenlet-1.1.3.post0-py39h3d8bfb9_0.tar.bz2#3bbd287388ed5cc43561ef7f897ae521
https://conda.anaconda.org/conda-forge/linux-aarch64/gunicorn-20.1.0-py39h4420490_3.tar.bz2#e919f00a65c241317b5e95a0c6536bfc
https://conda.anaconda.org/conda-forge/noarch/importlib-metadata-5.0.0-pyha770c72_1.tar.bz2#ec069c4db6a0ad84107bac5da62819d2
https://conda.anaconda.org/conda-forge/noarch/importlib_resources-5.10.0-pyhd8ed1ab_0.tar.bz2#eb521efe7f5550de7573bc1629b74a05
https://conda.anaconda.org/conda-forge/noarch/joblib-1.2.0-pyhd8ed1ab_0.tar.bz2#7583652522d71ad78ba536bba06940eb
https://conda.anaconda.org/conda-forge/linux-aarch64/kiwisolver-1.4.4-py39h110580c_1.tar.bz2#9c045502f6ab8c89bfda6be3c389e503
https://conda.anaconda.org/conda-forge/linux-aarch64/markupsafe-2.1.1-py39hb9a1dbb_2.tar.bz2#1aecad08fe9de2eaaf5f8328c9a78daf
https://conda.anaconda.org/conda-forge/linux-aarch64/numpy-1.22.4-py39h451b137_0.tar.bz2#83b4bb0a5f7095f1551f0f637111f38e
https://conda.anaconda.org/conda-forge/noarch/packaging-21.3-pyhd8ed1ab_0.tar.bz2#71f1ab2de48613876becddd496371c85
https://conda.anaconda.org/conda-forge/linux-aarch64/pillow-9.2.0-py39hd8e725c_3.tar.bz2#b8984ef6c40a5e26472f07f18d910cc6
https://conda.anaconda.org/conda-forge/noarch/pip-20.0.2-py_2.tar.bz2#70e60f1bf7c83ede9f7b2551d006db8c
https://conda.anaconda.org/conda-forge/linux-aarch64/pycairo-1.21.0-py39hc48c4a1_2.tar.bz2#6d5f350bf2fe447f8db69de780216e62
https://conda.anaconda.org/conda-forge/noarch/python-dateutil-2.8.2-pyhd8ed1ab_0.tar.bz2#dd999d1cc9f79e67dbb855c8924c7984
https://conda.anaconda.org/conda-forge/linux-aarch64/pyyaml-6.0-py39h0fd3b05_5.tar.bz2#eca87d250ba72da233121a1cc75582cc
https://conda.anaconda.org/conda-forge/noarch/tqdm-4.64.1-pyhd8ed1ab_0.tar.bz2#5526ff3f88f9db87bb0924b9ce575345
https://conda.anaconda.org/conda-forge/linux-aarch64/unicodedata2-14.0.0-py39h0fd3b05_2.tar.bz2#77ee274768f055c4133276216e326591
https://conda.anaconda.org/conda-forge/noarch/aniso8601-9.0.1-pyhd8ed1ab_0.tar.bz2#36fba1a639f2d24723c5480345b78553
https://conda.anaconda.org/conda-forge/linux-aarch64/boost-1.74.0-py39ha253240_5.tar.bz2#aa1189f9cae84c20a4265614e89cbd93
https://conda.anaconda.org/conda-forge/linux-aarch64/brotlipy-0.7.0-py39h0fd3b05_1005.tar.bz2#5d37ef329c084829d3ff5b172a08b8f9
https://conda.anaconda.org/conda-forge/noarch/cmaes-0.8.2-pyh44b312d_0.tar.bz2#7bea986d2adbde991615e19f96458b2f
https://conda.anaconda.org/conda-forge/linux-aarch64/contourpy-1.0.5-py39hcdbe1fc_1.tar.bz2#7de50f9af9c897ddc398cc686b07919c
https://conda.anaconda.org/conda-forge/linux-aarch64/cryptography-38.0.2-py39h2b83269_2.tar.bz2#c23f1d7c4c20127721ab84bd481498c1
https://conda.anaconda.org/conda-forge/linux-aarch64/fonttools-4.38.0-py39h0fd3b05_1.tar.bz2#c4eda904dc52f53c948d64d20662525f
https://conda.anaconda.org/conda-forge/noarch/importlib_metadata-5.0.0-hd8ed1ab_1.tar.bz2#ee3205c546fdeeaa45ae8d1e2325e13c
https://conda.anaconda.org/conda-forge/noarch/jinja2-3.1.2-pyhd8ed1ab_1.tar.bz2#c8490ed5c70966d232fdd389d0dbed37
https://conda.anaconda.org/conda-forge/noarch/mako-1.2.3-pyhd8ed1ab_0.tar.bz2#f19bdf719a181766edd09cbc08616868
https://conda.anaconda.org/conda-forge/noarch/marshmallow-3.17.1-pyhd8ed1ab_0.tar.bz2#ef19c09ac5650d03f60844cb03381144
https://conda.anaconda.org/conda-forge/linux-aarch64/pandas-1.4.4-py39h63591b6_0.tar.bz2#5e0e587235046b7213e0393583e5b97d
https://conda.anaconda.org/conda-forge/noarch/pbr-5.11.0-pyhd8ed1ab_0.tar.bz2#10de1749f30caa3907892f14c5fcafbe
https://conda.anaconda.org/conda-forge/linux-aarch64/reportlab-3.5.68-py39hef7aae6_1.tar.bz2#a3106ec6f16780e629beb43cacd73f0e
https://conda.anaconda.org/conda-forge/linux-aarch64/scipy-1.9.3-py39hc77f23a_1.tar.bz2#ee2d69a3ab84aa52d861940c7824f6c8
https://conda.anaconda.org/conda-forge/linux-aarch64/sqlalchemy-1.4.42-py39hb9a1dbb_1.tar.bz2#bd455c87e3e49906b972c1b2427822d2
https://conda.anaconda.org/conda-forge/noarch/wcwidth-0.2.5-pyh9f0ad1d_2.tar.bz2#5266fcd697043c59621fda522b3d78ee
https://conda.anaconda.org/conda-forge/noarch/werkzeug-2.2.2-pyhd8ed1ab_0.tar.bz2#8e69568592e552919201f730b01a58c2
https://conda.anaconda.org/conda-forge/noarch/alembic-1.8.1-pyhd8ed1ab_0.tar.bz2#bdde76f5d65a9374d07aa3dfa27571e0
https://conda.anaconda.org/conda-forge/linux-aarch64/cmd2-2.4.2-py39ha65689a_0.tar.bz2#3626804dccfb0b0433f35bd9a8361c48
https://conda.anaconda.org/conda-forge/noarch/flask-2.2.2-pyhd8ed1ab_0.tar.bz2#85fad4c7889dd969ed4c02cf63cfe9c5
https://conda.anaconda.org/conda-forge/linux-aarch64/matplotlib-base-3.6.1-py39h15a8d8b_1.tar.bz2#5a62bb3393f79ec3b9869bad1f29903b
https://conda.anaconda.org/conda-forge/noarch/prettytable-3.4.1-pyhd8ed1ab_0.tar.bz2#3f617df7fb94c7069084370e00e2bfd3
https://conda.anaconda.org/conda-forge/noarch/pyopenssl-22.1.0-pyhd8ed1ab_0.tar.bz2#fbfa0a180d48c800f922a10a114a8632
https://conda.anaconda.org/conda-forge/linux-aarch64/scikit-learn-1.1.1-py39hd7c7e1b_0.tar.bz2#96c80362cde8a7e709687ac9b45d12d1
https://conda.anaconda.org/conda-forge/noarch/stevedore-4.1.0-pyhd8ed1ab_0.tar.bz2#1b005e8785cff0320b0230de0873dbc5
https://conda.anaconda.org/conda-forge/noarch/cliff-4.0.0-pyhd8ed1ab_0.tar.bz2#22d37c7875509cbd538eeec56e6bb183
https://conda.anaconda.org/conda-forge/noarch/flask-restful-0.3.9-pyhd8ed1ab_0.tar.bz2#500294b659c23821d2469af8b1045e81
https://conda.anaconda.org/conda-forge/linux-aarch64/rdkit-2022.03.1-py39h3f581e4_0.tar.bz2#8d9e9952018b0d70664eeb64260f7f55
https://conda.anaconda.org/conda-forge/noarch/urllib3-1.26.11-pyhd8ed1ab_0.tar.bz2#0738978569b10669bdef41c671252dd1
https://conda.anaconda.org/conda-forge/noarch/mordred-1.2.0-py_1.tar.bz2#d7e222ababd2587dfee1fb7194b9a4e9
https://conda.anaconda.org/conda-forge/noarch/optuna-2.10.1-pyhd8ed1ab_0.tar.bz2#8c121b67b590fdd41f1e686e008eaa99
https://conda.anaconda.org/conda-forge/noarch/requests-2.28.1-pyhd8ed1ab_1.tar.bz2#089382ee0e2dc2eae33a04cc3c2bddb0
