# Generated by conda-lock.
# platform: linux-aarch64
# input_hash: 6281c4c7c9bd0b17b801c3a4d0884a1b001f6954de74d3321db7f5fc1c8025a4
@EXPLICIT
https://conda.anaconda.org/conda-forge/linux-aarch64/ca-certificates-2022.9.24-h4fd8a4c_0.tar.bz2#831557fcf92cfc4353eb69fb95524b6c
https://conda.anaconda.org/conda-forge/noarch/font-ttf-dejavu-sans-mono-2.37-hab24e00_0.tar.bz2#0c96522c6bdaed4b1566d11387caaf45
https://conda.anaconda.org/conda-forge/noarch/font-ttf-inconsolata-3.000-h77eed37_0.tar.bz2#34893075a5c9e55cdafac56607368fc6
https://conda.anaconda.org/conda-forge/noarch/font-ttf-source-code-pro-2.038-h77eed37_0.tar.bz2#4d59c254e01d9cde7957100457e2d5fb
https://conda.anaconda.org/conda-forge/noarch/font-ttf-ubuntu-0.83-hab24e00_0.tar.bz2#19410c3df09dfb12d1206132a1d357c5
https://conda.anaconda.org/conda-forge/linux-aarch64/ld_impl_linux-aarch64-2.36.1-h02ad14f_2.tar.bz2#3ca1a8e406eab04ffc3bfa6e8ac0a724
https://conda.anaconda.org/conda-forge/linux-aarch64/libgfortran5-12.1.0-h41d5c85_16.tar.bz2#f053ad62fdac14fb8e73cfed4e8d2676
https://conda.anaconda.org/conda-forge/linux-aarch64/libgomp-12.1.0-h3242a24_16.tar.bz2#1316108b547756d4e9302b8d698bd4f6
https://conda.anaconda.org/conda-forge/linux-aarch64/libstdcxx-ng-12.1.0-hd01590b_16.tar.bz2#b64391bb81cc2f914d57c0927ec8a26b
https://conda.anaconda.org/conda-forge/noarch/tzdata-2022d-h191b570_0.tar.bz2#456b5b1d99e7a9654b331bcd82e71042
https://conda.anaconda.org/conda-forge/linux-aarch64/_openmp_mutex-4.5-2_gnu.tar.bz2#6168d71addc746e8f2b8d57dfd2edcea
https://conda.anaconda.org/conda-forge/noarch/fonts-conda-forge-1-0.tar.bz2#f766549260d6815b0c52253f1fb1bb29
https://conda.anaconda.org/conda-forge/linux-aarch64/libgfortran-ng-12.1.0-he9431aa_16.tar.bz2#69e5a58bbd94c934277f715160c1f0b5
https://conda.anaconda.org/conda-forge/noarch/fonts-conda-ecosystem-1-0.tar.bz2#fee5683a3f04bd15cbd8318b096a27ab
https://conda.anaconda.org/conda-forge/linux-aarch64/libgcc-ng-12.1.0-h3242a24_16.tar.bz2#70e9f0947c17f3faf1a1974be0c110bf
https://conda.anaconda.org/conda-forge/linux-aarch64/bzip2-1.0.8-hf897c2e_4.tar.bz2#2d787570a729e273a4e75775ddf3348a
https://conda.anaconda.org/conda-forge/linux-aarch64/expat-2.4.9-ha18d298_0.tar.bz2#91b32c471090f7063825bbee0e56c5bf
https://conda.anaconda.org/conda-forge/linux-aarch64/gettext-0.19.8.1-h4de3ea5_1009.tar.bz2#28418a49ad9489f8107e5cf3a5bf061a
https://conda.anaconda.org/conda-forge/linux-aarch64/icu-70.1-ha18d298_0.tar.bz2#014656d28b7b6f8a566437c69552f9ae
https://conda.anaconda.org/conda-forge/linux-aarch64/jpeg-9e-h9cdd2b7_2.tar.bz2#8fd15daa7515a0fea9b3b68495118238
https://conda.anaconda.org/conda-forge/linux-aarch64/lerc-4.0.0-h4de3ea5_0.tar.bz2#1a0ffc65e03ce81559dbcb0695ad1476
https://conda.anaconda.org/conda-forge/linux-aarch64/libbrotlicommon-1.0.9-h4e544f5_7.tar.bz2#6ee071311281942e2fec227751e7efff
https://conda.anaconda.org/conda-forge/linux-aarch64/libdeflate-1.14-h4e544f5_0.tar.bz2#d98452637cbf62abad9140fa93365f94
https://conda.anaconda.org/conda-forge/linux-aarch64/libffi-3.4.2-h3557bc0_5.tar.bz2#dddd85f4d52121fab0a8b099c5e06501
https://conda.anaconda.org/conda-forge/linux-aarch64/libiconv-1.17-h9cdd2b7_0.tar.bz2#efc27cfbc82a027f65c02c661832ecfc
https://conda.anaconda.org/conda-forge/linux-aarch64/libnsl-2.0.0-hf897c2e_0.tar.bz2#36fdbc05c9d9145ece86f5a63c3f352e
https://conda.anaconda.org/conda-forge/linux-aarch64/libopenblas-0.3.21-pthreads_h6cb6f83_3.tar.bz2#bc66302748a788c3bce59999ed6d737d
https://conda.anaconda.org/conda-forge/linux-aarch64/libuuid-2.32.1-hf897c2e_1000.tar.bz2#e038da5ef9095b0d79aac14a311394e7
https://conda.anaconda.org/conda-forge/linux-aarch64/libwebp-base-1.2.4-h4e544f5_0.tar.bz2#9c307c3dba834b9529f6dcd95db543ed
https://conda.anaconda.org/conda-forge/linux-aarch64/libzlib-1.2.12-h4e544f5_4.tar.bz2#8a35fc3171a2aa46b4c85ac9e50b63af
https://conda.anaconda.org/conda-forge/linux-aarch64/ncurses-6.3-headf329_1.tar.bz2#486b68148e121bc8bbadc3cefae4c04f
https://conda.anaconda.org/conda-forge/linux-aarch64/openssl-1.1.1q-h4e544f5_0.tar.bz2#3bd764382ea067e5c5cce3fb2e66c458
https://conda.anaconda.org/conda-forge/linux-aarch64/pixman-0.40.0-hb9de7d4_0.tar.bz2#f3c0267498811a1820fdaf291efc3195
https://conda.anaconda.org/conda-forge/linux-aarch64/pthread-stubs-0.4-hb9de7d4_1001.tar.bz2#d0183ec6ce0b5aaa3486df25fa5f0ded
https://conda.anaconda.org/conda-forge/linux-aarch64/xorg-kbproto-1.0.7-h3557bc0_1002.tar.bz2#ec8ce6b3dac3945a4010559a6284b755
https://conda.anaconda.org/conda-forge/linux-aarch64/xorg-libice-1.0.10-h3557bc0_0.tar.bz2#9f12ca8b69fc217317223f4068b04498
https://conda.anaconda.org/conda-forge/linux-aarch64/xorg-libxau-1.0.9-h3557bc0_0.tar.bz2#e0c187f5ce240897762bbb89a8a407cc
https://conda.anaconda.org/conda-forge/linux-aarch64/xorg-libxdmcp-1.1.3-h3557bc0_0.tar.bz2#a6c9016ae1ca5c47a3603ed4cd65fedd
https://conda.anaconda.org/conda-forge/linux-aarch64/xorg-renderproto-0.11.1-h3557bc0_1002.tar.bz2#01cbfe96ce66b78a9a270ac305791dd2
https://conda.anaconda.org/conda-forge/linux-aarch64/xorg-xextproto-7.3.0-h3557bc0_1002.tar.bz2#6eab1f5756fe65cd29ac2126664dd21b
https://conda.anaconda.org/conda-forge/linux-aarch64/xorg-xproto-7.0.31-h3557bc0_1007.tar.bz2#987e98faa0ad2c667bbea6b6aae260bc
https://conda.anaconda.org/conda-forge/linux-aarch64/xz-5.2.6-h9cdd2b7_0.tar.bz2#83baad393a31d59c20b63ba4da6592df
https://conda.anaconda.org/conda-forge/linux-aarch64/yaml-0.2.5-hf897c2e_2.tar.bz2#b853307650cb226731f653aa623936a4
https://conda.anaconda.org/conda-forge/linux-aarch64/libblas-3.9.0-16_linuxaarch64_openblas.tar.bz2#188f02883567d5b7f96c7aa12e7007c9
https://conda.anaconda.org/conda-forge/linux-aarch64/libbrotlidec-1.0.9-h4e544f5_7.tar.bz2#6839e1d20fce65ff5f0f0bcf32841993
https://conda.anaconda.org/conda-forge/linux-aarch64/libbrotlienc-1.0.9-h4e544f5_7.tar.bz2#353cfe995ca6183994d5eb3e674ab42c
https://conda.anaconda.org/conda-forge/linux-aarch64/libpng-1.6.38-hf9034f9_0.tar.bz2#64c24041ed1b1e01425f950ed0f8b148
https://conda.anaconda.org/conda-forge/linux-aarch64/libsqlite-3.39.4-hf9034f9_0.tar.bz2#cd65f7b7d956c3b813b94d2d6c4c697a
https://conda.anaconda.org/conda-forge/linux-aarch64/libxcb-1.13-h3557bc0_1004.tar.bz2#cc973f5f452272c397546eac588cddb3
https://conda.anaconda.org/conda-forge/linux-aarch64/pcre2-10.37-he7b27c6_1.tar.bz2#92d2adc6b703cfcbef2c7347e59a8a92
https://conda.anaconda.org/conda-forge/linux-aarch64/readline-8.1.2-h38e3740_0.tar.bz2#3cdbfb7d7b63ae2c2d35bb167d257ecd
https://conda.anaconda.org/conda-forge/linux-aarch64/tk-8.6.12-hd8af866_0.tar.bz2#7894e82ff743bd96c76585ddebe28e2a
https://conda.anaconda.org/conda-forge/linux-aarch64/xorg-libsm-1.2.3-h965e137_1000.tar.bz2#bd35f4b1904746d92500ca66a3b1caf4
https://conda.anaconda.org/conda-forge/linux-aarch64/zlib-1.2.12-h4e544f5_4.tar.bz2#175a9b53c0b1c0711516ec4e2c9d777d
https://conda.anaconda.org/conda-forge/linux-aarch64/zstd-1.5.2-hc1e27d5_4.tar.bz2#f5627b0fef9a5267fd4d2ad5d8b5c1b3
https://conda.anaconda.org/conda-forge/linux-aarch64/boost-cpp-1.74.0-ha1c1135_8.tar.bz2#5fa87e26d2d1fd9a4adc53de2a8c922d
https://conda.anaconda.org/conda-forge/linux-aarch64/brotli-bin-1.0.9-h4e544f5_7.tar.bz2#4014ebf8c97d8cb219bfc0a12344ceb6
https://conda.anaconda.org/conda-forge/linux-aarch64/freetype-2.12.1-hbbbf32d_0.tar.bz2#3bfd4d79b5d93fa03f94e243d5f640d2
https://conda.anaconda.org/conda-forge/linux-aarch64/libcblas-3.9.0-16_linuxaarch64_openblas.tar.bz2#520a3ecbebc63239c27dd6f70c2ababe
https://conda.anaconda.org/conda-forge/linux-aarch64/libglib-2.74.0-h58953e2_0.tar.bz2#0e4d1f628877897ace5a535a65c27881
https://conda.anaconda.org/conda-forge/linux-aarch64/liblapack-3.9.0-16_linuxaarch64_openblas.tar.bz2#62990b2d1efc22d0beb394e893d39541
https://conda.anaconda.org/conda-forge/linux-aarch64/libtiff-4.4.0-hacef7f3_4.tar.bz2#bf4778c9d0cf28b914a24d711b569335
https://conda.anaconda.org/conda-forge/linux-aarch64/sqlite-3.39.4-h69ca7e5_0.tar.bz2#dd7f00021ca9e6606316410afc9b9c83
https://conda.anaconda.org/conda-forge/linux-aarch64/xorg-libx11-1.7.2-h3557bc0_0.tar.bz2#cb17ef3b158247c80f6f5c62ce435685
https://conda.anaconda.org/conda-forge/linux-aarch64/brotli-1.0.9-h4e544f5_7.tar.bz2#4c345a372cf4936c8e959b8d266c4396
https://conda.anaconda.org/conda-forge/linux-aarch64/fontconfig-2.14.0-h77febde_1.tar.bz2#507a1a397021602d2925bf537bfb3345
https://conda.anaconda.org/conda-forge/linux-aarch64/lcms2-2.12-h012adcb_0.tar.bz2#d112a00b1ba7dda1f79735d2a4661ea3
https://conda.anaconda.org/conda-forge/linux-aarch64/openjpeg-2.5.0-h9b6de37_1.tar.bz2#3638647a2b0a7aa92be687fcc500af60
https://conda.anaconda.org/conda-forge/linux-aarch64/python-3.9.13-h2eada40_0_cpython.tar.bz2#b0a6df0df79270624a49a1982482842c
https://conda.anaconda.org/conda-forge/linux-aarch64/xorg-libxext-1.3.4-h3557bc0_1.tar.bz2#2aab1b533c922a4684ae083a38008d23
https://conda.anaconda.org/conda-forge/linux-aarch64/xorg-libxrender-0.9.10-h3557bc0_1003.tar.bz2#3e2d3b39406da543f0004ed1c7863978
https://conda.anaconda.org/conda-forge/noarch/attrs-22.1.0-pyh71513ae_1.tar.bz2#6d3ccbc56256204925bfa8378722792f
https://conda.anaconda.org/conda-forge/noarch/autopage-0.5.1-pyhd8ed1ab_0.tar.bz2#5cda00cc5f9463f90af6d5182346b08a
https://conda.anaconda.org/conda-forge/noarch/backports-1.0-py_2.tar.bz2#0da16b293affa6ac31812376f8eb79dd
https://conda.anaconda.org/conda-forge/linux-aarch64/cairo-1.16.0-hd19fb6e_1014.tar.bz2#9327b6d0a90328b67e41a966b7bfd138
https://conda.anaconda.org/conda-forge/noarch/certifi-2022.9.24-pyhd8ed1ab_0.tar.bz2#f66309b099374af91369e67e84af397d
https://conda.anaconda.org/conda-forge/noarch/charset-normalizer-2.1.1-pyhd8ed1ab_0.tar.bz2#c1d5b294fbf9a795dec349a6f4d8be8e
https://conda.anaconda.org/conda-forge/noarch/colorama-0.4.5-pyhd8ed1ab_0.tar.bz2#c267da48ce208905d7d976d49dfd9433
https://conda.anaconda.org/conda-forge/noarch/cycler-0.11.0-pyhd8ed1ab_0.tar.bz2#a50559fad0affdbb33729a68669ca1cb
https://conda.anaconda.org/conda-forge/noarch/dill-0.3.5.1-pyhd8ed1ab_0.tar.bz2#d713e993cf5e84bfe522ca1520b095b3
https://conda.anaconda.org/conda-forge/noarch/idna-3.4-pyhd8ed1ab_0.tar.bz2#34272b248891bddccc64479f9a7fffed
https://conda.anaconda.org/conda-forge/noarch/itsdangerous-2.1.2-pyhd8ed1ab_0.tar.bz2#3c3de74912f11d2b590184f03c7cd09b
https://conda.anaconda.org/conda-forge/noarch/munkres-1.1.4-pyh9f0ad1d_0.tar.bz2#2ba8498c1018c1e9c61eb99b973dfe19
https://conda.anaconda.org/conda-forge/noarch/networkx-2.8.7-pyhd8ed1ab_0.tar.bz2#1b74438a7270b1e2cbd3de9dba18ebb6
https://conda.anaconda.org/conda-forge/noarch/pycparser-2.21-pyhd8ed1ab_0.tar.bz2#076becd9e05608f8dc72757d5f3a91ff
https://conda.anaconda.org/conda-forge/noarch/pyparsing-3.0.9-pyhd8ed1ab_0.tar.bz2#e8fbc1b54b25f4b08281467bc13b70cc
https://conda.anaconda.org/conda-forge/noarch/pyperclip-1.8.2-pyhd8ed1ab_2.tar.bz2#8d7c6507e902193f9b1e9612f0210a4b
https://conda.anaconda.org/conda-forge/noarch/pysocks-1.7.1-pyha2e5f31_6.tar.bz2#2a7de29fb590ca14b5243c4c812c8025
https://conda.anaconda.org/conda-forge/linux-aarch64/python_abi-3.9-2_cp39.tar.bz2#c74e493d773fa544a312b0904abcfbfb
https://conda.anaconda.org/conda-forge/noarch/pytz-2022.4-pyhd8ed1ab_0.tar.bz2#fc0dcaf9761d042fb8ac9128ce03fddb
https://conda.anaconda.org/conda-forge/noarch/setuptools-65.4.1-pyhd8ed1ab_0.tar.bz2#d61d9f25af23c24002e659b854c6f5ae
https://conda.anaconda.org/conda-forge/noarch/six-1.16.0-pyh6c4a22f_0.tar.bz2#e5f25f8dbc060e9a8d912e432202afc2
https://conda.anaconda.org/conda-forge/noarch/threadpoolctl-3.1.0-pyh8a188c0_0.tar.bz2#a2995ee828f65687ac5b1e71a2ab1e0c
https://conda.anaconda.org/conda-forge/noarch/wheel-0.37.1-pyhd8ed1ab_0.tar.bz2#1ca02aaf78d9c70d9a81a3bed5752022
https://conda.anaconda.org/conda-forge/noarch/zipp-3.9.0-pyhd8ed1ab_0.tar.bz2#6f3fd8c9e0ab504010fb4216d5919c24
https://conda.anaconda.org/conda-forge/noarch/backports.functools_lru_cache-1.6.4-pyhd8ed1ab_0.tar.bz2#c5b3edc62d6309088f4970b3eaaa65a6
https://conda.anaconda.org/conda-forge/linux-aarch64/cffi-1.15.1-py39hb26bf21_0.tar.bz2#c9d996d18bfb3d0284557836db0f3d74
https://conda.anaconda.org/conda-forge/linux-aarch64/click-8.1.3-py39h4420490_0.tar.bz2#7b5736feca72b5078cd23c20ea32c22e
https://conda.anaconda.org/conda-forge/linux-aarch64/colorlog-6.7.0-py39h4420490_0.tar.bz2#7eecb03182a64c33605949ab23d33f0f
https://conda.anaconda.org/conda-forge/linux-aarch64/greenlet-1.1.3-py39h3d8bfb9_0.tar.bz2#43bd5e1ef60a67bd222a4e1fd9edbf15
https://conda.anaconda.org/conda-forge/linux-aarch64/gunicorn-20.1.0-py39h4420490_2.tar.bz2#7b16414eebe684020b8d6e314b7586df
https://conda.anaconda.org/conda-forge/linux-aarch64/importlib-metadata-4.11.4-py39ha65689a_0.tar.bz2#5487d06764f7096990340d8ab2c898b3
https://conda.anaconda.org/conda-forge/noarch/importlib_resources-5.10.0-pyhd8ed1ab_0.tar.bz2#eb521efe7f5550de7573bc1629b74a05
https://conda.anaconda.org/conda-forge/noarch/joblib-1.2.0-pyhd8ed1ab_0.tar.bz2#7583652522d71ad78ba536bba06940eb
https://conda.anaconda.org/conda-forge/linux-aarch64/kiwisolver-1.4.4-py39h110580c_0.tar.bz2#208abbe5753c4dc2124bc9e9991fe68c
https://conda.anaconda.org/conda-forge/linux-aarch64/markupsafe-2.1.1-py39hb9a1dbb_1.tar.bz2#b21c5481818fb2b3201a139645e4a422
https://conda.anaconda.org/conda-forge/linux-aarch64/numpy-1.23.3-py39h7190128_0.tar.bz2#13fc1b52297ca39d7d21ad8d3f9791b7
https://conda.anaconda.org/conda-forge/noarch/packaging-21.3-pyhd8ed1ab_0.tar.bz2#71f1ab2de48613876becddd496371c85
https://conda.anaconda.org/conda-forge/linux-aarch64/pillow-9.2.0-py39hf18909c_2.tar.bz2#c5c75c6dc05dd5d0c7fbebfd2dbc1a3d
https://conda.anaconda.org/conda-forge/noarch/pip-22.2.2-pyhd8ed1ab_0.tar.bz2#0b43abe4d3ee93e82742d37def53a836
https://conda.anaconda.org/conda-forge/linux-aarch64/pycairo-1.21.0-py39hcf8921d_1.tar.bz2#7e88d502b3e60af2f45adfb6834a826c
https://conda.anaconda.org/conda-forge/noarch/python-dateutil-2.8.2-pyhd8ed1ab_0.tar.bz2#dd999d1cc9f79e67dbb855c8924c7984
https://conda.anaconda.org/conda-forge/linux-aarch64/pyyaml-6.0-py39h0fd3b05_4.tar.bz2#368be0f1434cf16777d3ed58c3524bd5
https://conda.anaconda.org/conda-forge/noarch/tqdm-4.64.1-pyhd8ed1ab_0.tar.bz2#5526ff3f88f9db87bb0924b9ce575345
https://conda.anaconda.org/conda-forge/linux-aarch64/unicodedata2-14.0.0-py39h0fd3b05_1.tar.bz2#7182266a1f86f367d88c86a9ab560cca
https://conda.anaconda.org/conda-forge/noarch/aniso8601-9.0.1-pyhd8ed1ab_0.tar.bz2#36fba1a639f2d24723c5480345b78553
https://conda.anaconda.org/conda-forge/linux-aarch64/boost-1.74.0-py39ha253240_5.tar.bz2#aa1189f9cae84c20a4265614e89cbd93
https://conda.anaconda.org/conda-forge/linux-aarch64/brotlipy-0.7.0-py39h0fd3b05_1004.tar.bz2#e4da5cb63a7eede3b2f4efc15e77e31a
https://conda.anaconda.org/conda-forge/noarch/cmaes-0.8.2-pyh44b312d_0.tar.bz2#7bea986d2adbde991615e19f96458b2f
https://conda.anaconda.org/conda-forge/linux-aarch64/contourpy-1.0.5-py39hcdbe1fc_0.tar.bz2#cb45be910a464d21b98cd0c483656664
https://conda.anaconda.org/conda-forge/linux-aarch64/cryptography-38.0.1-py39h32042e6_0.tar.bz2#7a64cf5dc604d27a320f69cf1135b64d
https://conda.anaconda.org/conda-forge/linux-aarch64/fonttools-4.37.4-py39h0fd3b05_0.tar.bz2#9bc47544096e976740a6e1eafae75ce9
https://conda.anaconda.org/conda-forge/noarch/importlib_metadata-4.11.4-hd8ed1ab_0.tar.bz2#9a1925fdb91c81437b8012e48ede6851
https://conda.anaconda.org/conda-forge/noarch/jinja2-3.1.2-pyhd8ed1ab_1.tar.bz2#c8490ed5c70966d232fdd389d0dbed37
https://conda.anaconda.org/conda-forge/noarch/mako-1.2.3-pyhd8ed1ab_0.tar.bz2#f19bdf719a181766edd09cbc08616868
https://conda.anaconda.org/conda-forge/noarch/marshmallow-3.18.0-pyhd8ed1ab_0.tar.bz2#e54699fd7d1348e909381bfbf9d24ef9
https://conda.anaconda.org/conda-forge/linux-aarch64/pandas-1.5.0-py39h2920bb4_0.tar.bz2#e751298f4eee4f1f720a74e61c0b5741
https://conda.anaconda.org/conda-forge/noarch/pbr-5.10.0-pyhd8ed1ab_0.tar.bz2#6cfd80f8f255415a400c5a2728087fce
https://conda.anaconda.org/conda-forge/linux-aarch64/reportlab-3.5.68-py39hef7aae6_1.tar.bz2#a3106ec6f16780e629beb43cacd73f0e
https://conda.anaconda.org/conda-forge/linux-aarch64/scipy-1.8.1-py39h7b076ec_2.tar.bz2#8d85b2ae06ca5afd197810808c602d36
https://conda.anaconda.org/conda-forge/linux-aarch64/sqlalchemy-1.4.41-py39hb9a1dbb_0.tar.bz2#ad41b56aa64ce735f05284efd9525dbf
https://conda.anaconda.org/conda-forge/noarch/wcwidth-0.2.5-pyh9f0ad1d_2.tar.bz2#5266fcd697043c59621fda522b3d78ee
https://conda.anaconda.org/conda-forge/noarch/werkzeug-2.2.2-pyhd8ed1ab_0.tar.bz2#8e69568592e552919201f730b01a58c2
https://conda.anaconda.org/conda-forge/noarch/alembic-1.8.1-pyhd8ed1ab_0.tar.bz2#bdde76f5d65a9374d07aa3dfa27571e0
https://conda.anaconda.org/conda-forge/linux-aarch64/cmd2-2.4.2-py39ha65689a_0.tar.bz2#3626804dccfb0b0433f35bd9a8361c48
https://conda.anaconda.org/conda-forge/noarch/flask-2.2.2-pyhd8ed1ab_0.tar.bz2#85fad4c7889dd969ed4c02cf63cfe9c5
https://conda.anaconda.org/conda-forge/linux-aarch64/matplotlib-base-3.6.0-py39h15a8d8b_0.tar.bz2#6628d4abba945e73fb45d86e2fd08efb
https://conda.anaconda.org/conda-forge/noarch/prettytable-3.4.1-pyhd8ed1ab_0.tar.bz2#3f617df7fb94c7069084370e00e2bfd3
https://conda.anaconda.org/conda-forge/noarch/pyopenssl-22.1.0-pyhd8ed1ab_0.tar.bz2#fbfa0a180d48c800f922a10a114a8632
https://conda.anaconda.org/conda-forge/linux-aarch64/scikit-learn-1.1.2-py39h26f731d_0.tar.bz2#e76c0149e804830c12453af276b94ec0
https://conda.anaconda.org/conda-forge/noarch/stevedore-4.0.0-pyhd8ed1ab_0.tar.bz2#72900e7872d6551fa7f0c65faef3eedc
https://conda.anaconda.org/conda-forge/noarch/cliff-4.0.0-pyhd8ed1ab_0.tar.bz2#22d37c7875509cbd538eeec56e6bb183
https://conda.anaconda.org/conda-forge/noarch/flask-restful-0.3.9-pyhd8ed1ab_0.tar.bz2#500294b659c23821d2469af8b1045e81
https://conda.anaconda.org/conda-forge/linux-aarch64/rdkit-2022.03.1-py39h3f581e4_0.tar.bz2#8d9e9952018b0d70664eeb64260f7f55
https://conda.anaconda.org/conda-forge/noarch/urllib3-1.26.11-pyhd8ed1ab_0.tar.bz2#0738978569b10669bdef41c671252dd1
https://conda.anaconda.org/conda-forge/noarch/mordred-1.2.0-py_1.tar.bz2#d7e222ababd2587dfee1fb7194b9a4e9
https://conda.anaconda.org/conda-forge/noarch/optuna-3.0.2-pyhd8ed1ab_0.tar.bz2#3e5116b7f5ba2b326ed25dd477127506
https://conda.anaconda.org/conda-forge/noarch/requests-2.28.1-pyhd8ed1ab_1.tar.bz2#089382ee0e2dc2eae33a04cc3c2bddb0
