# Generated by conda-lock.
# platform: osx-arm64
# input_hash: 2ba3cb0603d42f1d3136e71f7c8919e4dca6bcf081ad403f5828c9f56200be1d
@EXPLICIT
https://conda.anaconda.org/anaconda/osx-arm64/yaml-0.2.5-h1a28f6b_0.tar.bz2#990ccbdae7ddeea76e2bf0546d4c6369
https://conda.anaconda.org/anaconda/osx-arm64/bzip2-1.0.8-h620ffc9_4.tar.bz2#9f63c782a4d20150ae9a664ee87cce16
https://conda.anaconda.org/anaconda/osx-arm64/ca-certificates-2022.4.26-hca03da5_0.tar.bz2#eb893b08af18f8e903bb8be5ce2ed56d
https://conda.anaconda.org/anaconda/osx-arm64/jbig-2.1-h1a28f6b_0.tar.bz2#fdb64c0f5d322455e22a71f189593b28
https://conda.anaconda.org/anaconda/osx-arm64/jpeg-9e-h1a28f6b_0.tar.bz2#21f487e9306a2aac3553ce48ffb397ae
https://conda.anaconda.org/anaconda/osx-arm64/libcxx-12.0.0-hf6beb65_1.tar.bz2#6604e0e32cd77840804ced23b7ab8ea4
https://conda.anaconda.org/anaconda/osx-arm64/libdeflate-1.8-h1a28f6b_5.tar.bz2#cc92d5ab77eb870bafef8a3dd2b9c088
https://conda.anaconda.org/anaconda/osx-arm64/libwebp-base-1.2.2-h1a28f6b_0.tar.bz2#fe9543cdd72b97a25d0115dfcf7523b7
https://conda.anaconda.org/conda-forge/osx-arm64/libzlib-1.2.12-ha287fd2_2.tar.bz2#61199215019d0419bf2e7ef9987a14a2
https://conda.anaconda.org/anaconda/osx-arm64/llvm-openmp-12.0.0-haf9daa7_1.tar.bz2#add8195a1917f86ee98ee91f3d498d21
https://conda.anaconda.org/anaconda/osx-arm64/ncurses-6.3-h1a28f6b_2.tar.bz2#bcdba84327ae6c02fffadb837533b803
https://conda.anaconda.org/anaconda/noarch/tzdata-2022a-hda174b7_0.tar.bz2#a99750e9650510d276b56d2b000f4569
https://conda.anaconda.org/anaconda/osx-arm64/xz-5.2.5-h1a28f6b_1.tar.bz2#891b88149e1f489035988db7c8e54c40
https://conda.anaconda.org/anaconda/osx-arm64/zlib-1.2.12-h5a0b063_2.tar.bz2#863a2f99486071c63d3ace74fc30a5a7
https://conda.anaconda.org/anaconda/osx-arm64/lerc-3.0-hc377ac9_0.tar.bz2#255cac6bbe51bc940f6be144ce03bccf
https://conda.anaconda.org/anaconda/osx-arm64/libffi-3.4.2-hc377ac9_4.tar.bz2#5cf3db6d43a7eb28d7c0f7b6fba6f172
https://conda.anaconda.org/anaconda/osx-arm64/libgfortran5-11.2.0-he6877d6_26.tar.bz2#d95805f48aa8662679fd60a920f2316a
https://conda.anaconda.org/anaconda/osx-arm64/libpng-1.6.37-hb8d0fd4_0.tar.bz2#1c46a933b341db6924b35ced0c319f33
https://conda.anaconda.org/anaconda/osx-arm64/lz4-c-1.9.3-hc377ac9_0.tar.bz2#a24cf2f4bbcbdb84a8add2e2289ab081
https://conda.anaconda.org/anaconda/osx-arm64/openssl-1.1.1o-h1a28f6b_0.tar.bz2#5b57e0c30f325697bcded0cbb579c054
https://conda.anaconda.org/anaconda/osx-arm64/readline-8.1.2-h1a28f6b_1.tar.bz2#a6a08ab5dbe5a6d9d463b8846410e83f
https://conda.anaconda.org/anaconda/osx-arm64/tk-8.6.12-hb8d0fd4_0.tar.bz2#667e60c8b407d73cbba40f44901f4f00
https://conda.anaconda.org/anaconda/osx-arm64/freetype-2.11.0-h1192e45_0.tar.bz2#fa736ffc2021682e7039116253fda0dd
https://conda.anaconda.org/anaconda/osx-arm64/libgfortran-5.0.0-11_2_0_he6877d6_26.tar.bz2#e3fbe63a3f00e6956f6a7507828a07f7
https://conda.anaconda.org/anaconda/osx-arm64/sqlite-3.37.0-h1058600_0.tar.bz2#20a2e6ccb8496af78d9296483102621d
https://conda.anaconda.org/anaconda/osx-arm64/zstd-1.5.2-h8574219_0.tar.bz2#5ed87ac66b6a26a40001aa75778888e3
https://conda.anaconda.org/anaconda/osx-arm64/libopenblas-0.3.20-hea475bc_0.tar.bz2#2b043a50741b7314b100ade5e89654de
https://conda.anaconda.org/conda-forge/osx-arm64/libtiff-4.3.0-h74060c4_2.tar.bz2#80686c6a442d21c98617ebd2eef9d329
https://conda.anaconda.org/conda-forge/osx-arm64/python-3.9.9-h70c1b39_0_cpython.tar.bz2#9ed70db678e68668fe23f975e604aa3d
https://conda.anaconda.org/anaconda/osx-arm64/blinker-1.4-py39hca03da5_0.tar.bz2#628bf369bb4726eab3c7602cb149de3d
https://conda.anaconda.org/anaconda/osx-arm64/certifi-2022.6.15-py39hca03da5_0.tar.bz2#7aae1de08ef4f1ab38eec7d86655538e
https://conda.anaconda.org/anaconda/noarch/charset-normalizer-2.0.4-pyhd3eb1b0_0.tar.bz2#544adf2677c47c9b9c891aea720678f1
https://conda.anaconda.org/anaconda/osx-arm64/click-8.0.4-py39hca03da5_0.tar.bz2#a6407b827d57fd8bf9b78943770116d5
https://conda.anaconda.org/anaconda/osx-arm64/dnspython-1.16.0-py39hca03da5_0.tar.bz2#1de90f1e806d92a01885cc688ce0894b
https://conda.anaconda.org/anaconda/osx-arm64/greenlet-1.1.0-py39hc377ac9_0.tar.bz2#be98f4f1e83b2f84d0837b58039d0022
https://conda.anaconda.org/anaconda/noarch/idna-3.3-pyhd3eb1b0_0.tar.bz2#f2d821eedf78bfe0e9f1d8faf9c8b23e
https://conda.anaconda.org/anaconda/noarch/itsdangerous-2.0.1-pyhd3eb1b0_0.tar.bz2#15304527ecf28ee088035d5c22aa4816
https://conda.anaconda.org/anaconda/osx-arm64/lcms2-2.12-hba8e193_0.tar.bz2#7b5fd4df2a76303132c964bdc5e9c799
https://conda.anaconda.org/conda-forge/osx-arm64/libblas-3.9.0-15_osxarm64_openblas.tar.bz2#f4b87d6094620080ccd6f85b1c2f50f8
https://conda.anaconda.org/anaconda/osx-arm64/markupsafe-2.1.1-py39h1a28f6b_0.tar.bz2#34dfd76da78de2eae95bbda390d746d6
https://conda.anaconda.org/anaconda/noarch/olefile-0.46-pyhd3eb1b0_0.tar.bz2#7aeb5173b2cf3e8fad7dd10aefaf9f49
https://conda.anaconda.org/conda-forge/osx-arm64/openjpeg-2.4.0-h062765e_1.tar.bz2#02ec6e9debe1bf6488ac302592d067fc
https://conda.anaconda.org/anaconda/noarch/pycparser-2.21-pyhd3eb1b0_0.tar.bz2#e70944ff53d19af4f65073a4f21c7b05
https://conda.anaconda.org/conda-forge/noarch/pyjwt-2.5.0-pyhd8ed1ab_0.tar.bz2#69d30a4c1dfc083548b380d0ba261ea4
https://conda.anaconda.org/anaconda/noarch/pyparsing-3.0.4-pyhd3eb1b0_0.tar.bz2#e91ec54770326963c1b7e3641cb91e7a
https://conda.anaconda.org/anaconda/osx-arm64/pysocks-1.7.1-py39hca03da5_0.tar.bz2#847b9bddf2a86e1609c0d53bbc23ea79
https://conda.anaconda.org/conda-forge/osx-arm64/python_abi-3.9-2_cp39.tar.bz2#ba3082b5441b482d5cfe328d4e7ba0bf
https://conda.anaconda.org/anaconda/osx-arm64/pytz-2022.1-py39hca03da5_0.tar.bz2#0ecfab4840542a253ee9cbcfbdf5c381
https://conda.anaconda.org/anaconda/noarch/six-1.16.0-pyhd3eb1b0_1.tar.bz2#0a3ab834ba49016e183e715bff48a2b6
https://conda.anaconda.org/anaconda/osx-arm64/tenacity-8.0.1-py39hca03da5_0.tar.bz2#23585f491c0d1605ac9d808d9b9ab745
https://conda.anaconda.org/conda-forge/noarch/werkzeug-2.1.2-pyhd8ed1ab_1.tar.bz2#6dfc61103f2c33a6c875b93d82875c10
https://conda.anaconda.org/anaconda/noarch/wheel-0.37.1-pyhd3eb1b0_0.tar.bz2#9800fd2a86354f58731a7ad0eb5dd537
https://conda.anaconda.org/anaconda/osx-arm64/zipp-3.8.0-py39hca03da5_0.tar.bz2#6ada5b511548a4e18696405314b8f619
https://conda.anaconda.org/anaconda/osx-arm64/cffi-1.15.0-py39h22df2f2_1.tar.bz2#8dfbd3438ae4fcc76ea829617ab55ccf
https://conda.anaconda.org/conda-forge/noarch/email-validator-1.2.1-pyhd8ed1ab_0.tar.bz2#ba8f992c4a1030e44a57e7955784b7f8
https://conda.anaconda.org/anaconda/osx-arm64/importlib-metadata-4.11.3-py39hca03da5_0.tar.bz2#ecce09007d7fd426b4f3f69fc689397b
https://conda.anaconda.org/anaconda/noarch/jinja2-3.0.3-pyhd3eb1b0_0.tar.bz2#09efcfa7616c77fa7ab03c694f318c46
https://conda.anaconda.org/conda-forge/osx-arm64/libcblas-3.9.0-15_osxarm64_openblas.tar.bz2#fb37d07f54b36db2ef09a15666f783e9
https://conda.anaconda.org/conda-forge/osx-arm64/liblapack-3.9.0-15_osxarm64_openblas.tar.bz2#c6847b7c2e20623011edcbbfa878bb87
https://conda.anaconda.org/anaconda/noarch/packaging-21.3-pyhd3eb1b0_0.tar.bz2#e482aa236f5541461d285cc979323035
https://conda.anaconda.org/conda-forge/osx-arm64/pillow-8.4.0-py39ha74c66e_0.tar.bz2#038dba961ccc2a21630d564ff48afc1d
https://conda.anaconda.org/plotly/noarch/plotly-5.9.0-py_0.tar.bz2#1673cde98ac570aa0a5daef9f2de407a
https://conda.anaconda.org/anaconda/noarch/python-dateutil-2.8.2-pyhd3eb1b0_0.tar.bz2#2eb923cc014094f4acf7f849d67d73f8
https://conda.anaconda.org/conda-forge/noarch/python-dotenv-0.21.0-pyhd8ed1ab_0.tar.bz2#1ddc3bed82494d9cffbc5cbd66c9c3de
https://conda.anaconda.org/anaconda/osx-arm64/setuptools-61.2.0-py39hca03da5_0.tar.bz2#3b959c0b0b330b680d7fcccdbbb2b380
https://conda.anaconda.org/conda-forge/osx-arm64/sqlalchemy-1.4.29-py39h5161555_0.tar.bz2#7bb1f79b00c8067ae2773ea2a29a60e8
https://conda.anaconda.org/conda-forge/noarch/wtforms-3.0.1-pyhd8ed1ab_0.tar.bz2#62a19155ee3896566849634586c1813d
https://conda.anaconda.org/anaconda/noarch/aniso8601-9.0.1-pyhd3eb1b0_0.tar.bz2#6734571faf7e50d0ceef25dac1e564c8
https://conda.anaconda.org/anaconda/osx-arm64/brotlipy-0.7.0-py39h1a28f6b_1002.tar.bz2#bb232108730740b06347023da8c6a886
https://conda.anaconda.org/anaconda/osx-arm64/cryptography-37.0.1-py39h834c97f_0.tar.bz2#526ea83d2494a2306197d24a1120289d
https://conda.anaconda.org/conda-forge/noarch/flask-2.1.2-pyhd8ed1ab_1.tar.bz2#53624cadbb40b6ce9ac1f4c56815c669
https://conda.anaconda.org/anaconda/osx-arm64/gunicorn-20.1.0-py39hca03da5_0.tar.bz2#19abd72d573284c7c428b4af04abd605
https://conda.anaconda.org/conda-forge/osx-arm64/numpy-1.22.0-py39h61a45d2_1.tar.bz2#f185344aa67fac3c1a6b3249c3953d93
https://conda.anaconda.org/anaconda/osx-arm64/pip-21.2.4-py39hca03da5_0.tar.bz2#cdb09f27aba158b38b60ce77bca8ce5d
https://conda.anaconda.org/anaconda/osx-arm64/bcrypt-3.2.0-py39h1a28f6b_0.tar.bz2#98bdd7093a9a75af601c02de246b4a7a
https://conda.anaconda.org/anaconda/osx-arm64/bottleneck-1.3.4-py39heec5a64_0.tar.bz2#deb7763a068da1eb3818ecfc6b46fa9e
https://conda.anaconda.org/conda-forge/noarch/flask-login-0.6.2-pyhd8ed1ab_0.tar.bz2#427457b9179d5f1d65b11ca7761e60ee
https://conda.anaconda.org/conda-forge/noarch/flask-mail-0.9.1-py_2.tar.bz2#083af8cde25430f3e489d2571c523604
https://conda.anaconda.org/conda-forge/noarch/flask-restful-0.3.9-pyhd8ed1ab_0.tar.bz2#500294b659c23821d2469af8b1045e81
https://conda.anaconda.org/anaconda/noarch/flask-sqlalchemy-2.5.1-pyhd3eb1b0_0.tar.bz2#5b8131134954af58cebb9bee5f272c03
https://conda.anaconda.org/conda-forge/noarch/flask-wtf-1.0.1-pyhd8ed1ab_0.tar.bz2#cd027868755348e59e920669d654d98a
https://conda.anaconda.org/anaconda/osx-arm64/numexpr-2.8.1-py39h144ceef_2.tar.bz2#93f2c793b16a03384ec6baba70d02592
https://conda.anaconda.org/anaconda/noarch/pyopenssl-22.0.0-pyhd3eb1b0_0.tar.bz2#24300c22dced4609b77f3ace93b5beeb
https://conda.anaconda.org/conda-forge/noarch/flask-bcrypt-1.0.1-pyhd8ed1ab_0.tar.bz2#17ee145b6881eec31051364463d327ee
https://conda.anaconda.org/anaconda/osx-arm64/pandas-1.3.5-py39h9197a36_0.tar.bz2#3da0e7af3423ecd98e403c51a7aedbed
https://conda.anaconda.org/anaconda/osx-arm64/urllib3-1.26.9-py39hca03da5_0.tar.bz2#603640c90ed75b5fb8e25307db3dcb8c
https://conda.anaconda.org/conda-forge/noarch/requests-2.28.1-pyhd8ed1ab_1.tar.bz2#089382ee0e2dc2eae33a04cc3c2bddb0
