# Generated by conda-lock.
# platform: linux-64
# input_hash: 40aecfdf896141a268ee3293d3a029cd266b9281143e43ed9dbcb2ef59d574b4
@EXPLICIT
https://conda.anaconda.org/anaconda/linux-64/_libgcc_mutex-0.1-main.tar.bz2#013d3f22cd3b87f71224bd936765bcad
https://conda.anaconda.org/anaconda/linux-64/ca-certificates-2022.07.19-h06a4308_0.tar.bz2#ef4b29ea120fdfa542adbce43d035c95
https://conda.anaconda.org/anaconda/linux-64/ld_impl_linux-64-2.38-h1181459_1.tar.bz2#9508af80612e4fa1b5d1abb43ca7e63c
https://conda.anaconda.org/anaconda/linux-64/libgfortran5-11.2.0-h1234567_1.tar.bz2#0202c3c8ae4735cac6c7f3d1e1685964
https://conda.anaconda.org/anaconda/linux-64/libstdcxx-ng-11.2.0-h1234567_1.tar.bz2#8c195584a5f5471b600ee180e4052773
https://conda.anaconda.org/anaconda/noarch/tzdata-2022a-hda174b7_0.tar.bz2#a99750e9650510d276b56d2b000f4569
https://conda.anaconda.org/anaconda/linux-64/libgfortran-ng-11.2.0-h00389a5_1.tar.bz2#27082517590f3b9fbffecc68513b461b
https://conda.anaconda.org/anaconda/linux-64/libgomp-11.2.0-h1234567_1.tar.bz2#3080c2813e6e1d0f8a100a38b5b3456d
https://conda.anaconda.org/anaconda/linux-64/_openmp_mutex-5.1-1_gnu.tar.bz2#613805add1c05b538ff06d217252feb7
https://conda.anaconda.org/anaconda/linux-64/libgcc-ng-11.2.0-h1234567_1.tar.bz2#641e72e5067bd6d5454405879e1cd2a7
https://conda.anaconda.org/anaconda/linux-64/bzip2-1.0.8-h7b6447c_0.tar.bz2#f52e60deb7f4c82821be9a868e889348
https://conda.anaconda.org/anaconda/linux-64/giflib-5.2.1-h7b6447c_0.tar.bz2#299bf4271d710651a1d71d3795580c2d
https://conda.anaconda.org/anaconda/linux-64/jpeg-9e-h7f8727e_0.tar.bz2#6e1c0fb5260c590f7ef5235cb3d05863
https://conda.anaconda.org/anaconda/linux-64/libffi-3.4.2-h295c915_4.tar.bz2#9420f780186158fa096601855f2f2b92
https://conda.anaconda.org/conda-forge/linux-64/libnsl-2.0.0-h7f98852_0.tar.bz2#39b1328babf85c7c3a61636d9cd50206
https://conda.anaconda.org/anaconda/linux-64/libopenblas-0.3.20-h043d6bf_1.tar.bz2#61f860d152bd9b7dd57e2ec4dabbdeaf
https://conda.anaconda.org/conda-forge/linux-64/libuuid-2.32.1-h7f98852_1000.tar.bz2#772d69f030955d9646d3d0eaf21d859d
https://conda.anaconda.org/anaconda/linux-64/libwebp-base-1.2.2-h7f8727e_0.tar.bz2#eeb1bd66f28bed1956ab989d6eff7ae5
https://conda.anaconda.org/conda-forge/linux-64/libzlib-1.2.11-h166bdaf_1014.tar.bz2#757138ba3ddc6777b82e91d9ff62e7b9
https://conda.anaconda.org/anaconda/linux-64/lz4-c-1.9.3-h295c915_1.tar.bz2#f35d4bf2fbb39e334992f6dd39f8721e
https://conda.anaconda.org/anaconda/linux-64/ncurses-6.3-h5eee18b_3.tar.bz2#c5ca7fea42593496aa508ba8171f53fb
https://conda.anaconda.org/anaconda/linux-64/openssl-1.1.1q-h7f8727e_0.tar.bz2#ad51928702694e3f6d25b7d4229c84e6
https://conda.anaconda.org/anaconda/linux-64/xz-5.2.5-h7f8727e_1.tar.bz2#94cb94dc47405b24b1b5bd0a3275ab59
https://conda.anaconda.org/anaconda/linux-64/yaml-0.2.5-h7b6447c_0.tar.bz2#fcff4f33bb4e3fa91f8d5c3168807abb
https://conda.anaconda.org/conda-forge/linux-64/libblas-3.9.0-15_linux64_openblas.tar.bz2#04eb983975a1be3e57d6d667414cd774
https://conda.anaconda.org/anaconda/linux-64/readline-8.1.2-h7f8727e_1.tar.bz2#150ac0eb929bab9dec912797bdfc7b95
https://conda.anaconda.org/conda-forge/linux-64/zlib-1.2.11-h166bdaf_1014.tar.bz2#def3b82d1a03aa695bb38ac1dd072ff2
https://conda.anaconda.org/conda-forge/linux-64/libcblas-3.9.0-15_linux64_openblas.tar.bz2#f45968428e445fd0c6472b561145812a
https://conda.anaconda.org/conda-forge/linux-64/liblapack-3.9.0-15_linux64_openblas.tar.bz2#b7078220384b8bf8db1a45e66412ac4f
https://conda.anaconda.org/anaconda/linux-64/libpng-1.6.37-hbc83047_0.tar.bz2#9cb85601944ca7383b1769bff74b94e8
https://conda.anaconda.org/anaconda/linux-64/sqlite-3.37.0-hc218d9a_0.tar.bz2#42765d76eee8ec1d900297f4b935fd0c
https://conda.anaconda.org/anaconda/linux-64/tk-8.6.11-h1ccaba5_0.tar.bz2#a7bd5edf919b9a24f4f4ed5b23bf62a3
https://conda.anaconda.org/anaconda/linux-64/zstd-1.4.5-h9ceee32_0.tar.bz2#4a44879022464818fe3602e126db8feb
https://conda.anaconda.org/anaconda/linux-64/freetype-2.11.0-h70c0345_0.tar.bz2#d2b24736491290a6c6d0138932111150
https://conda.anaconda.org/anaconda/linux-64/libtiff-4.2.0-h85742a9_0.tar.bz2#d7ea21b29e29feec41890296b559555b
https://conda.anaconda.org/conda-forge/linux-64/python-3.9.9-h62f1059_0_cpython.tar.bz2#cecbf6a8fcdae14bf4a1036e5a35319e
https://conda.anaconda.org/anaconda/linux-64/blinker-1.4-py39h06a4308_0.tar.bz2#901c753cee59d88107c394ce07afc0cf
https://conda.anaconda.org/anaconda/linux-64/certifi-2022.6.15-py39h06a4308_0.tar.bz2#242a8d9e6b3461a6788f602263b2c5f2
https://conda.anaconda.org/anaconda/noarch/charset-normalizer-2.0.4-pyhd3eb1b0_0.tar.bz2#544adf2677c47c9b9c891aea720678f1
https://conda.anaconda.org/anaconda/linux-64/click-8.0.4-py39h06a4308_0.tar.bz2#34726366b02828dd11ec10569ce67676
https://conda.anaconda.org/anaconda/linux-64/greenlet-1.1.1-py39h295c915_0.tar.bz2#25022550ce757bd599f58d02c14c8ad2
https://conda.anaconda.org/anaconda/noarch/idna-3.3-pyhd3eb1b0_0.tar.bz2#f2d821eedf78bfe0e9f1d8faf9c8b23e
https://conda.anaconda.org/anaconda/noarch/itsdangerous-2.0.1-pyhd3eb1b0_0.tar.bz2#15304527ecf28ee088035d5c22aa4816
https://conda.anaconda.org/anaconda/linux-64/lcms2-2.12-h3be6417_0.tar.bz2#653b4f425f6d4a21f04619b1f5f8aa43
https://conda.anaconda.org/anaconda/linux-64/libwebp-1.2.2-h55f646e_0.tar.bz2#c566a384259c1d2769852c3bddd81a67
https://conda.anaconda.org/anaconda/linux-64/markupsafe-2.1.1-py39h7f8727e_0.tar.bz2#feb0e452205b44ac45d9b5e55c21a3b1
https://conda.anaconda.org/anaconda/noarch/olefile-0.46-pyhd3eb1b0_0.tar.bz2#7aeb5173b2cf3e8fad7dd10aefaf9f49
https://conda.anaconda.org/anaconda/noarch/pycparser-2.21-pyhd3eb1b0_0.tar.bz2#e70944ff53d19af4f65073a4f21c7b05
https://conda.anaconda.org/conda-forge/noarch/pyjwt-2.5.0-pyhd8ed1ab_0.tar.bz2#69d30a4c1dfc083548b380d0ba261ea4
https://conda.anaconda.org/anaconda/linux-64/pysocks-1.7.1-py39h06a4308_0.tar.bz2#c5f3f7f10ad30f0945e75252615ab6e5
https://conda.anaconda.org/conda-forge/linux-64/python_abi-3.9-2_cp39.tar.bz2#39adde4247484de2bb4000122fdcf665
https://conda.anaconda.org/anaconda/linux-64/pytz-2022.1-py39h06a4308_0.tar.bz2#4f78e6b22e43dcc597168917d225a733
https://conda.anaconda.org/anaconda/noarch/six-1.16.0-pyhd3eb1b0_1.tar.bz2#0a3ab834ba49016e183e715bff48a2b6
https://conda.anaconda.org/anaconda/linux-64/tenacity-8.0.1-py39h06a4308_1.tar.bz2#55f0cedafe39388c64ffdcf240b3aa7f
https://conda.anaconda.org/conda-forge/noarch/werkzeug-2.1.2-pyhd8ed1ab_1.tar.bz2#6dfc61103f2c33a6c875b93d82875c10
https://conda.anaconda.org/anaconda/noarch/wheel-0.37.1-pyhd3eb1b0_0.tar.bz2#9800fd2a86354f58731a7ad0eb5dd537
https://conda.anaconda.org/anaconda/linux-64/zipp-3.8.0-py39h06a4308_0.tar.bz2#215b8728e7dd452f9dde848fabe76c66
https://conda.anaconda.org/anaconda/linux-64/cffi-1.15.1-py39h74dc2b5_0.tar.bz2#2953f22399cb56381016d7a039d0c5ac
https://conda.anaconda.org/anaconda/linux-64/importlib-metadata-4.11.3-py39h06a4308_0.tar.bz2#17cf1debff15f60c0cf86ae275e33880
https://conda.anaconda.org/anaconda/noarch/jinja2-3.0.3-pyhd3eb1b0_0.tar.bz2#09efcfa7616c77fa7ab03c694f318c46
https://conda.anaconda.org/conda-forge/linux-64/numpy-1.22.0-py39h91f2184_1.tar.bz2#4a957cce1446b8bf68668c6be23d3ad0
https://conda.anaconda.org/anaconda/linux-64/pillow-8.4.0-py39h5aabda8_0.tar.bz2#bbd9b94d7720f71faae716701fba06b0
https://conda.anaconda.org/plotly/noarch/plotly-5.9.0-py_0.tar.bz2#1673cde98ac570aa0a5daef9f2de407a
https://conda.anaconda.org/anaconda/noarch/python-dateutil-2.8.2-pyhd3eb1b0_0.tar.bz2#2eb923cc014094f4acf7f849d67d73f8
https://conda.anaconda.org/conda-forge/noarch/python-dotenv-0.21.0-pyhd8ed1ab_0.tar.bz2#1ddc3bed82494d9cffbc5cbd66c9c3de
https://conda.anaconda.org/anaconda/linux-64/setuptools-61.2.0-py39h06a4308_0.tar.bz2#244bd0a6260239cebf4d1fbcc8ec82b1
https://conda.anaconda.org/conda-forge/linux-64/sqlalchemy-1.4.29-py39h3811e60_0.tar.bz2#9bc5a14b895920aa0ed4878f3032efe5
https://conda.anaconda.org/conda-forge/noarch/wtforms-3.0.1-pyhd8ed1ab_0.tar.bz2#62a19155ee3896566849634586c1813d
https://conda.anaconda.org/anaconda/noarch/aniso8601-9.0.1-pyhd3eb1b0_0.tar.bz2#6734571faf7e50d0ceef25dac1e564c8
https://conda.anaconda.org/anaconda/linux-64/bottleneck-1.3.5-py39h7deecbd_0.tar.bz2#14dc3c2e8eb68b1111a08de9a3ce8a00
https://conda.anaconda.org/anaconda/linux-64/brotlipy-0.7.0-py39h27cfd23_1003.tar.bz2#c203ffc7bbba991c7089d4b383cfd92c
https://conda.anaconda.org/anaconda/linux-64/cryptography-37.0.1-py39h9ce1e76_0.tar.bz2#397a6116acd47e93e25c187344293550
https://conda.anaconda.org/conda-forge/noarch/flask-2.1.2-pyhd8ed1ab_1.tar.bz2#53624cadbb40b6ce9ac1f4c56815c669
https://conda.anaconda.org/anaconda/linux-64/gunicorn-20.1.0-py39h06a4308_0.tar.bz2#9d878bdcf7411d86b0688bc6e151a245
https://conda.anaconda.org/conda-forge/linux-64/numexpr-2.7.3-py39hde0f152_1.tar.bz2#e051d36f45890ce95f7b30bd615815dd
https://conda.anaconda.org/anaconda/linux-64/pip-22.1.2-py39h06a4308_0.tar.bz2#7b64a88c719bbdac8d60467d4d8c2b0a
https://conda.anaconda.org/anaconda/linux-64/bcrypt-3.2.0-py39h5eee18b_1.tar.bz2#e7305caf148ed0bbd0f526bcf22ad9a0
https://conda.anaconda.org/anaconda/linux-64/dnspython-2.2.1-py39h06a4308_0.tar.bz2#2ee4e11fdfeb770202cc62c291f38ef9
https://conda.anaconda.org/conda-forge/noarch/flask-login-0.6.2-pyhd8ed1ab_0.tar.bz2#427457b9179d5f1d65b11ca7761e60ee
https://conda.anaconda.org/conda-forge/noarch/flask-mail-0.9.1-py_2.tar.bz2#083af8cde25430f3e489d2571c523604
https://conda.anaconda.org/conda-forge/noarch/flask-restful-0.3.9-pyhd8ed1ab_0.tar.bz2#500294b659c23821d2469af8b1045e81
https://conda.anaconda.org/anaconda/noarch/flask-sqlalchemy-2.5.1-pyhd3eb1b0_0.tar.bz2#5b8131134954af58cebb9bee5f272c03
https://conda.anaconda.org/conda-forge/noarch/flask-wtf-1.0.1-pyhd8ed1ab_0.tar.bz2#cd027868755348e59e920669d654d98a
https://conda.anaconda.org/anaconda/linux-64/pandas-1.3.5-py39h8c16a72_0.tar.bz2#241b9c7efe66955ac6af7714ba9a54be
https://conda.anaconda.org/anaconda/noarch/pyopenssl-22.0.0-pyhd3eb1b0_0.tar.bz2#24300c22dced4609b77f3ace93b5beeb
https://conda.anaconda.org/anaconda/linux-64/email-validator-1.2.1-py39h06a4308_0.tar.bz2#9d64d757b979f16137e3d5a8854f1931
https://conda.anaconda.org/conda-forge/noarch/flask-bcrypt-1.0.1-pyhd8ed1ab_0.tar.bz2#17ee145b6881eec31051364463d327ee
https://conda.anaconda.org/anaconda/linux-64/urllib3-1.26.11-py39h06a4308_0.tar.bz2#3763a6d835897d9817ebc9a9e3d29631
https://conda.anaconda.org/anaconda/linux-64/requests-2.28.1-py39h06a4308_0.tar.bz2#022a67a9547db5fdfa024f8bf69ab2ad
