# Generated by conda-lock.
# platform: osx-64
# input_hash: 8403ac252fee5ed75dd918a2f7e58d8f6bb9f9e4c0ed17322bfd3d86edd8dd50
@EXPLICIT
https://conda.anaconda.org/anaconda/osx-64/yaml-0.2.5-haf1e3a3_0.tar.bz2#cbfabc8518e50cc4726b86d1d8b6400a
https://conda.anaconda.org/anaconda/osx-64/bzip2-1.0.8-h1de35cc_0.tar.bz2#ab3b4e83407001e7f1603ca1fa0f4873
https://conda.anaconda.org/anaconda/osx-64/ca-certificates-2022.4.26-hecd8cb5_0.tar.bz2#83d50d8307dc9518dbc938c552e098c5
https://conda.anaconda.org/anaconda/osx-64/giflib-5.2.1-haf1e3a3_0.tar.bz2#f7566353480520d8664525672d680538
https://conda.anaconda.org/anaconda/osx-64/jpeg-9e-hca72f7f_0.tar.bz2#60dd44b4f8b09370ebd52eca5b72a6c7
https://conda.anaconda.org/anaconda/osx-64/libcxx-12.0.0-h2f01273_0.tar.bz2#dcf16c33011ebb48bd0b80a633abacef
https://conda.anaconda.org/anaconda/osx-64/libwebp-base-1.2.2-hca72f7f_0.tar.bz2#bf6f57d348067953b8a6093039b765b7
https://conda.anaconda.org/conda-forge/osx-64/libzlib-1.2.12-hfe4f2af_2.tar.bz2#1d676bbaa2599f22121dd5bbea455c2e
https://conda.anaconda.org/anaconda/osx-64/llvm-openmp-12.0.0-h0dcd299_1.tar.bz2#a9400a4d03050928cd886069b7b31f4c
https://conda.anaconda.org/anaconda/osx-64/ncurses-6.3-hca72f7f_2.tar.bz2#fd80099408fe4e163dc9d2a619e9f05c
https://conda.anaconda.org/anaconda/noarch/tzdata-2022a-hda174b7_0.tar.bz2#a99750e9650510d276b56d2b000f4569
https://conda.anaconda.org/anaconda/osx-64/xz-5.2.5-hca72f7f_1.tar.bz2#93e0326afd04cd186c1c504186084e70
https://conda.anaconda.org/anaconda/osx-64/zlib-1.2.12-h4dc903c_2.tar.bz2#c229f9e277891bb5d8c41082523cb64d
https://conda.anaconda.org/anaconda/osx-64/libffi-3.4.2-he9d5cce_4.tar.bz2#de2045de34211d4fa2d3abe1b4a2c780
https://conda.anaconda.org/anaconda/osx-64/libgfortran5-11.2.0-h246ff09_26.tar.bz2#aec418d4f5f8bf6fd81ee64688c2c6a3
https://conda.anaconda.org/anaconda/osx-64/libpng-1.6.37-ha441bb4_0.tar.bz2#256b1d19857d350dc549c64d6857c9a9
https://conda.anaconda.org/anaconda/osx-64/lz4-c-1.9.3-h23ab428_1.tar.bz2#8ddb19388a0a9a6b9860d9dc495b5049
https://conda.anaconda.org/anaconda/osx-64/openssl-1.1.1o-hca72f7f_0.tar.bz2#b27b065d6bfcc95d7020a9c33fa131b6
https://conda.anaconda.org/anaconda/osx-64/readline-8.1.2-hca72f7f_1.tar.bz2#59c80f25f83042f591ba630c1a52ca68
https://conda.anaconda.org/anaconda/osx-64/tk-8.6.12-h5d9f67b_0.tar.bz2#d5b05e38d3bc8fe6d9bcdd91029db1c7
https://conda.anaconda.org/anaconda/osx-64/freetype-2.11.0-hd8bbffd_0.tar.bz2#161a798f97f48e75b94e831cdf75fc41
https://conda.anaconda.org/anaconda/osx-64/libgfortran-5.0.0-11_2_0_h246ff09_26.tar.bz2#08bc8279e746e83bb38dbf815b1ec2a9
https://conda.anaconda.org/anaconda/osx-64/sqlite-3.37.0-h707629a_0.tar.bz2#5384827854bcab6af9051975e62e5bc2
https://conda.anaconda.org/anaconda/osx-64/zstd-1.5.2-hcb37349_0.tar.bz2#0cf0e49baee6e0bc5c90983826cb22d4
https://conda.anaconda.org/anaconda/osx-64/libopenblas-0.3.20-h9a5756b_1.tar.bz2#edbf06a59784def8303f891fc50f8009
https://conda.anaconda.org/anaconda/osx-64/libtiff-4.2.0-hdb42f99_1.tar.bz2#ff802576035df684dc4155df10acfc95
https://conda.anaconda.org/conda-forge/osx-64/python-3.9.9-h1248fe1_0_cpython.tar.bz2#d45d6770ab1d017405547def20e2da8a
https://conda.anaconda.org/anaconda/osx-64/blinker-1.4-py39hecd8cb5_0.tar.bz2#8855c15b0be1d529c056ab94242b16d0
https://conda.anaconda.org/anaconda/osx-64/certifi-2022.6.15-py39hecd8cb5_0.tar.bz2#f9fef6c73823920f42b9cad0b4ba42bc
https://conda.anaconda.org/anaconda/noarch/charset-normalizer-2.0.4-pyhd3eb1b0_0.tar.bz2#544adf2677c47c9b9c891aea720678f1
https://conda.anaconda.org/anaconda/osx-64/click-8.0.4-py39hecd8cb5_0.tar.bz2#9cd61199d5404f900e2366ed5a58e15a
https://conda.anaconda.org/anaconda/osx-64/dnspython-1.16.0-py39hecd8cb5_0.tar.bz2#02a69a525ae29bfd36c599056200eb0c
https://conda.anaconda.org/anaconda/osx-64/greenlet-1.1.1-py39h23ab428_0.tar.bz2#28ad75d0f860b0f947bec7e8674908fa
https://conda.anaconda.org/anaconda/noarch/idna-3.3-pyhd3eb1b0_0.tar.bz2#f2d821eedf78bfe0e9f1d8faf9c8b23e
https://conda.anaconda.org/anaconda/noarch/itsdangerous-2.0.1-pyhd3eb1b0_0.tar.bz2#15304527ecf28ee088035d5c22aa4816
https://conda.anaconda.org/anaconda/osx-64/lcms2-2.12-hf1fd2bf_0.tar.bz2#819762fdace9397c0e14a9ed2dcdb829
https://conda.anaconda.org/conda-forge/osx-64/libblas-3.9.0-15_osx64_openblas.tar.bz2#48c26d27a96c71cfae2621311aa06215
https://conda.anaconda.org/anaconda/osx-64/libwebp-1.2.2-h56c3ce4_0.tar.bz2#e5a5ff19677d4dc490d54ae33b99ff31
https://conda.anaconda.org/anaconda/osx-64/markupsafe-2.1.1-py39hca72f7f_0.tar.bz2#3681ebf029211ceab26af6f5d35abf39
https://conda.anaconda.org/anaconda/noarch/olefile-0.46-pyhd3eb1b0_0.tar.bz2#7aeb5173b2cf3e8fad7dd10aefaf9f49
https://conda.anaconda.org/anaconda/noarch/pycparser-2.21-pyhd3eb1b0_0.tar.bz2#e70944ff53d19af4f65073a4f21c7b05
https://conda.anaconda.org/conda-forge/noarch/pyjwt-2.5.0-pyhd8ed1ab_0.tar.bz2#69d30a4c1dfc083548b380d0ba261ea4
https://conda.anaconda.org/anaconda/osx-64/pysocks-1.7.1-py39hecd8cb5_0.tar.bz2#113a443b9c706f9f9c6187c0eaa3de27
https://conda.anaconda.org/conda-forge/osx-64/python_abi-3.9-2_cp39.tar.bz2#262f557ee8ca777fe2190956038024cd
https://conda.anaconda.org/anaconda/osx-64/pytz-2022.1-py39hecd8cb5_0.tar.bz2#a2bbef1b1076826f7c9d3c457da6899c
https://conda.anaconda.org/anaconda/noarch/six-1.16.0-pyhd3eb1b0_1.tar.bz2#0a3ab834ba49016e183e715bff48a2b6
https://conda.anaconda.org/anaconda/osx-64/tenacity-8.0.1-py39hecd8cb5_0.tar.bz2#65bed90bea39d2182682505b57c193cb
https://conda.anaconda.org/conda-forge/noarch/werkzeug-2.1.2-pyhd8ed1ab_1.tar.bz2#6dfc61103f2c33a6c875b93d82875c10
https://conda.anaconda.org/anaconda/noarch/wheel-0.37.1-pyhd3eb1b0_0.tar.bz2#9800fd2a86354f58731a7ad0eb5dd537
https://conda.anaconda.org/anaconda/osx-64/zipp-3.8.0-py39hecd8cb5_0.tar.bz2#b582c0d2087797ff5e9f9165ff33861d
https://conda.anaconda.org/anaconda/osx-64/cffi-1.15.0-py39hc55c11b_1.tar.bz2#c6b6c72700658947f5ab20d7917054e4
https://conda.anaconda.org/conda-forge/noarch/email-validator-1.2.1-pyhd8ed1ab_0.tar.bz2#ba8f992c4a1030e44a57e7955784b7f8
https://conda.anaconda.org/anaconda/osx-64/importlib-metadata-4.11.3-py39hecd8cb5_0.tar.bz2#8edc6ef60a84dbc8abe7fd72b78c07b8
https://conda.anaconda.org/anaconda/noarch/jinja2-3.0.3-pyhd3eb1b0_0.tar.bz2#09efcfa7616c77fa7ab03c694f318c46
https://conda.anaconda.org/conda-forge/osx-64/libcblas-3.9.0-15_osx64_openblas.tar.bz2#2d26f8ba1e89bcc2704ac7a38d4cc74c
https://conda.anaconda.org/conda-forge/osx-64/liblapack-3.9.0-15_osx64_openblas.tar.bz2#8679c41f1fcb5b54aaecce18ec3e1875
https://conda.anaconda.org/anaconda/osx-64/pillow-8.4.0-py39h98e4679_0.tar.bz2#3f6631a6a17e50a358fb9824507f958b
https://conda.anaconda.org/plotly/noarch/plotly-5.9.0-py_0.tar.bz2#1673cde98ac570aa0a5daef9f2de407a
https://conda.anaconda.org/anaconda/noarch/python-dateutil-2.8.2-pyhd3eb1b0_0.tar.bz2#2eb923cc014094f4acf7f849d67d73f8
https://conda.anaconda.org/conda-forge/noarch/python-dotenv-0.21.0-pyhd8ed1ab_0.tar.bz2#1ddc3bed82494d9cffbc5cbd66c9c3de
https://conda.anaconda.org/anaconda/osx-64/setuptools-61.2.0-py39hecd8cb5_0.tar.bz2#4e17668f2e6bf1649b85695c3814f9d2
https://conda.anaconda.org/conda-forge/osx-64/sqlalchemy-1.4.29-py39h89e85a6_0.tar.bz2#739b3b9e2a2332e90be48604cc02d523
https://conda.anaconda.org/conda-forge/noarch/wtforms-3.0.1-pyhd8ed1ab_0.tar.bz2#62a19155ee3896566849634586c1813d
https://conda.anaconda.org/anaconda/noarch/aniso8601-9.0.1-pyhd3eb1b0_0.tar.bz2#6734571faf7e50d0ceef25dac1e564c8
https://conda.anaconda.org/anaconda/osx-64/brotlipy-0.7.0-py39h9ed2024_1003.tar.bz2#ca2e4f5e0530e1b179958bb1b7116016
https://conda.anaconda.org/anaconda/osx-64/cryptography-37.0.1-py39hf6deb26_0.tar.bz2#3752c534d9286123fde24f811f0a1bb1
https://conda.anaconda.org/conda-forge/noarch/flask-2.1.2-pyhd8ed1ab_1.tar.bz2#53624cadbb40b6ce9ac1f4c56815c669
https://conda.anaconda.org/anaconda/osx-64/gunicorn-20.1.0-py39hecd8cb5_0.tar.bz2#4fe47c70493fa0f04891ccd41ffac119
https://conda.anaconda.org/conda-forge/osx-64/numpy-1.22.0-py39h9d9ce41_1.tar.bz2#aa070ec281e4092617174a3550589e49
https://conda.anaconda.org/anaconda/osx-64/pip-21.2.4-py39hecd8cb5_0.tar.bz2#f2efff126a7e987b9ba96dc8657f89f1
https://conda.anaconda.org/anaconda/osx-64/bcrypt-3.2.0-py39h9ed2024_0.tar.bz2#d491ac545b70a2f4ced6d685bb3127fe
https://conda.anaconda.org/anaconda/osx-64/bottleneck-1.3.4-py39h67323c0_0.tar.bz2#3ffcfe779f51dc022072b58eb8144c95
https://conda.anaconda.org/conda-forge/noarch/flask-login-0.6.2-pyhd8ed1ab_0.tar.bz2#427457b9179d5f1d65b11ca7761e60ee
https://conda.anaconda.org/conda-forge/noarch/flask-mail-0.9.1-py_2.tar.bz2#083af8cde25430f3e489d2571c523604
https://conda.anaconda.org/conda-forge/noarch/flask-restful-0.3.9-pyhd8ed1ab_0.tar.bz2#500294b659c23821d2469af8b1045e81
https://conda.anaconda.org/anaconda/noarch/flask-sqlalchemy-2.5.1-pyhd3eb1b0_0.tar.bz2#5b8131134954af58cebb9bee5f272c03
https://conda.anaconda.org/conda-forge/noarch/flask-wtf-1.0.1-pyhd8ed1ab_0.tar.bz2#cd027868755348e59e920669d654d98a
https://conda.anaconda.org/conda-forge/osx-64/numexpr-2.8.0-py39h4d6be9b_1.tar.bz2#1c76af43b4de4bfa7a10fd2d36882bab
https://conda.anaconda.org/anaconda/noarch/pyopenssl-22.0.0-pyhd3eb1b0_0.tar.bz2#24300c22dced4609b77f3ace93b5beeb
https://conda.anaconda.org/conda-forge/noarch/flask-bcrypt-1.0.1-pyhd8ed1ab_0.tar.bz2#17ee145b6881eec31051364463d327ee
https://conda.anaconda.org/anaconda/osx-64/pandas-1.3.5-py39h743cdd8_0.tar.bz2#b8a0f8aa7ff3369557f4ee6cc355c6eb
https://conda.anaconda.org/anaconda/osx-64/urllib3-1.26.9-py39hecd8cb5_0.tar.bz2#6fc143d75da16f96f4697b1382e361f8
https://conda.anaconda.org/conda-forge/noarch/requests-2.28.1-pyhd8ed1ab_1.tar.bz2#089382ee0e2dc2eae33a04cc3c2bddb0
