# Generated by conda-lock.
# platform: linux-aarch64
# input_hash: 2b016504d9385040f1ace7a24b4fdd6f1fae0448001917f961d02b17d044cc45
@EXPLICIT
https://conda.anaconda.org/anaconda/linux-aarch64/_libgcc_mutex-0.1-main.tar.bz2#97034ba23a0126a2e195ac1e90d57f86
https://conda.anaconda.org/anaconda/linux-aarch64/ca-certificates-2022.07.19-hd43f75c_0.tar.bz2#69cf4d27a86b54560984c885697d661d
https://conda.anaconda.org/anaconda/linux-aarch64/ld_impl_linux-aarch64-2.38-h8131f2d_1.tar.bz2#13151fd7c6148d5dc4982f46f667ddd6
https://conda.anaconda.org/anaconda/linux-aarch64/libgfortran5-11.2.0-h1234567_1.tar.bz2#c9bd17558c4d0216adcef0fc240a79aa
https://conda.anaconda.org/anaconda/linux-aarch64/libstdcxx-ng-11.2.0-h1234567_1.tar.bz2#110f9e80f5ca235f02e4c02cf1754853
https://conda.anaconda.org/anaconda/noarch/tzdata-2022a-hda174b7_0.tar.bz2#a99750e9650510d276b56d2b000f4569
https://conda.anaconda.org/anaconda/linux-aarch64/libgfortran-ng-11.2.0-h6e398d7_1.tar.bz2#ac9e1479dc22926c7a2b1119ce35d934
https://conda.anaconda.org/anaconda/linux-aarch64/libgomp-11.2.0-h1234567_1.tar.bz2#43256f1485536f6a4d0fca42a2c2b373
https://conda.anaconda.org/anaconda/linux-aarch64/_openmp_mutex-5.1-51_gnu.tar.bz2#4975e2c7184a5de3c373797957be8b87
https://conda.anaconda.org/anaconda/linux-aarch64/libgcc-ng-11.2.0-h1234567_1.tar.bz2#f2da43bd5485bd5880bdc514fdcf1a53
https://conda.anaconda.org/anaconda/linux-aarch64/bzip2-1.0.8-hfd63f10_2.tar.bz2#d99ff534bb25043ba2fde10d4982ce11
https://conda.anaconda.org/anaconda/linux-aarch64/giflib-5.2.1-h2f4d8fa_0.tar.bz2#f9b2074df0900db36809c977354f05e5
https://conda.anaconda.org/anaconda/linux-aarch64/jpeg-9e-h2f4d8fa_0.tar.bz2#b2ec7860c170f603b879c2d8240a0691
https://conda.anaconda.org/anaconda/linux-aarch64/libffi-3.4.2-h22f4aa5_4.tar.bz2#e093a420fbc1e67a66341d03cf4fc759
https://conda.anaconda.org/conda-forge/linux-aarch64/libnsl-2.0.0-hf897c2e_0.tar.bz2#36fdbc05c9d9145ece86f5a63c3f352e
https://conda.anaconda.org/anaconda/linux-aarch64/libopenblas-0.3.20-hc2e42e2_1.tar.bz2#c6655d8ef31fe67c0ebf8fcfd0a2b76d
https://conda.anaconda.org/conda-forge/linux-aarch64/libuuid-2.32.1-hf897c2e_1000.tar.bz2#e038da5ef9095b0d79aac14a311394e7
https://conda.anaconda.org/anaconda/linux-aarch64/libwebp-base-1.2.2-h2f4d8fa_0.tar.bz2#bc9085247841dfd0438619943b3ad96d
https://conda.anaconda.org/conda-forge/linux-aarch64/libzlib-1.2.11-h4e544f5_1014.tar.bz2#e829241b520bfd3187d921f82e9b4460
https://conda.anaconda.org/anaconda/linux-aarch64/lz4-c-1.9.3-h7c1a80f_0.tar.bz2#2a573e3a9e12e0bf4ef7359e9b391825
https://conda.anaconda.org/anaconda/linux-aarch64/ncurses-6.3-h998d150_3.tar.bz2#d11c8d9fc602563d493dcae7aa81ac9d
https://conda.anaconda.org/anaconda/linux-aarch64/openssl-1.1.1q-h2f4d8fa_0.tar.bz2#8527204ef1cf420489ee8fa2847d12ba
https://conda.anaconda.org/anaconda/linux-aarch64/xz-5.2.5-h2f4d8fa_1.tar.bz2#d4b0dc622eeb836d1cd6eaf8fa499259
https://conda.anaconda.org/anaconda/linux-aarch64/yaml-0.2.5-hfd63f10_0.tar.bz2#58314dd770cd4b1163d12137c815e534
https://conda.anaconda.org/conda-forge/linux-aarch64/libblas-3.9.0-15_linuxaarch64_openblas.tar.bz2#045400d8613d7c22896082834ea58fb7
https://conda.anaconda.org/anaconda/linux-aarch64/readline-8.1.2-h2f4d8fa_1.tar.bz2#6120bee4d8ce9f3ecddde8ae26d62296
https://conda.anaconda.org/conda-forge/linux-aarch64/zlib-1.2.11-h4e544f5_1014.tar.bz2#5d6528db5739f248a7a5749d2dba8a27
https://conda.anaconda.org/conda-forge/linux-aarch64/libcblas-3.9.0-15_linuxaarch64_openblas.tar.bz2#9baa695b860e4abba076a0ad8fb24627
https://conda.anaconda.org/conda-forge/linux-aarch64/liblapack-3.9.0-15_linuxaarch64_openblas.tar.bz2#f3b79286dda2ca36a05bc6922432903b
https://conda.anaconda.org/anaconda/linux-aarch64/libpng-1.6.37-h241ca14_0.tar.bz2#b5b7e3eb0576064bfdf40e3ff0341c14
https://conda.anaconda.org/anaconda/linux-aarch64/sqlite-3.37.0-h6632b73_0.tar.bz2#1b5fac8cc4729df4f3dfea977d279549
https://conda.anaconda.org/anaconda/linux-aarch64/tk-8.6.11-h241ca14_0.tar.bz2#7172cda613f67049e5cf78602adc0191
https://conda.anaconda.org/anaconda/linux-aarch64/zstd-1.5.0-hfcb3217_0.tar.bz2#cabc3b09ba3064558f4ea540929e8a4b
https://conda.anaconda.org/anaconda/linux-aarch64/freetype-2.11.0-hb3ad586_0.tar.bz2#103fa9c75de295325939e3d104b58a4d
https://conda.anaconda.org/anaconda/linux-aarch64/libtiff-4.2.0-h4002a9d_0.tar.bz2#26ec945da75a77d59b233a712171bb39
https://conda.anaconda.org/conda-forge/linux-aarch64/python-3.9.9-hc23e7ad_0_cpython.tar.bz2#5093a4f2e8bac29dbb7c206dd6c58b02
https://conda.anaconda.org/anaconda/linux-aarch64/blinker-1.4-py39hd43f75c_0.tar.bz2#c6196f7b9c883223f980cd5d5001ccca
https://conda.anaconda.org/anaconda/linux-aarch64/certifi-2022.6.15-py39hd43f75c_0.tar.bz2#213b094cc8d6154f005b5ebe2ea5c7fa
https://conda.anaconda.org/anaconda/noarch/charset-normalizer-2.0.4-pyhd3eb1b0_0.tar.bz2#544adf2677c47c9b9c891aea720678f1
https://conda.anaconda.org/anaconda/linux-aarch64/click-8.0.4-py39hd43f75c_0.tar.bz2#319a162c09a827e80701444115d338cb
https://conda.anaconda.org/anaconda/linux-aarch64/greenlet-1.1.1-py39h22f4aa5_0.tar.bz2#d2501540b1e024c3608851dfb973c62e
https://conda.anaconda.org/anaconda/noarch/idna-3.3-pyhd3eb1b0_0.tar.bz2#f2d821eedf78bfe0e9f1d8faf9c8b23e
https://conda.anaconda.org/anaconda/noarch/itsdangerous-2.0.1-pyhd3eb1b0_0.tar.bz2#15304527ecf28ee088035d5c22aa4816
https://conda.anaconda.org/anaconda/linux-aarch64/lcms2-2.12-h5246980_0.tar.bz2#907e1f6da5f87278ff89aaff31202a41
https://conda.anaconda.org/anaconda/linux-aarch64/libwebp-1.2.2-hfc6c9db_0.tar.bz2#2984e11edd2faa89dee3dd5bc2655956
https://conda.anaconda.org/anaconda/linux-aarch64/markupsafe-2.1.1-py39h2f4d8fa_0.tar.bz2#fd762de4a7975d950fe50f66b0afe549
https://conda.anaconda.org/anaconda/noarch/olefile-0.46-pyhd3eb1b0_0.tar.bz2#7aeb5173b2cf3e8fad7dd10aefaf9f49
https://conda.anaconda.org/anaconda/noarch/pycparser-2.21-pyhd3eb1b0_0.tar.bz2#e70944ff53d19af4f65073a4f21c7b05
https://conda.anaconda.org/conda-forge/noarch/pyjwt-2.5.0-pyhd8ed1ab_0.tar.bz2#69d30a4c1dfc083548b380d0ba261ea4
https://conda.anaconda.org/anaconda/noarch/pyparsing-3.0.4-pyhd3eb1b0_0.tar.bz2#e91ec54770326963c1b7e3641cb91e7a
https://conda.anaconda.org/anaconda/linux-aarch64/pysocks-1.7.1-py39hd43f75c_0.tar.bz2#540628765c0125b7060e4c45cb0f9d5f
https://conda.anaconda.org/conda-forge/linux-aarch64/python_abi-3.9-2_cp39.tar.bz2#c74e493d773fa544a312b0904abcfbfb
https://conda.anaconda.org/anaconda/linux-aarch64/pytz-2022.1-py39hd43f75c_0.tar.bz2#f197fef6d1e7d3cc78ae87390fe4e938
https://conda.anaconda.org/anaconda/noarch/six-1.16.0-pyhd3eb1b0_1.tar.bz2#0a3ab834ba49016e183e715bff48a2b6
https://conda.anaconda.org/anaconda/linux-aarch64/tenacity-8.0.1-py39hd43f75c_1.tar.bz2#1ff315b9ba3b5d1000db95a8c90fee79
https://conda.anaconda.org/conda-forge/noarch/werkzeug-2.1.2-pyhd8ed1ab_1.tar.bz2#6dfc61103f2c33a6c875b93d82875c10
https://conda.anaconda.org/anaconda/noarch/wheel-0.37.1-pyhd3eb1b0_0.tar.bz2#9800fd2a86354f58731a7ad0eb5dd537
https://conda.anaconda.org/anaconda/linux-aarch64/zipp-3.8.0-py39hd43f75c_0.tar.bz2#bf19324cc6a9cf9a7fcb3e8e284af866
https://conda.anaconda.org/anaconda/linux-aarch64/cffi-1.15.1-py39h795f6ad_0.tar.bz2#b5ed5fe30633388f9489e2119dc63baf
https://conda.anaconda.org/anaconda/linux-aarch64/importlib-metadata-4.11.3-py39hd43f75c_0.tar.bz2#bb89acd4b1651fd04799969c09b83f88
https://conda.anaconda.org/anaconda/noarch/jinja2-3.0.3-pyhd3eb1b0_0.tar.bz2#09efcfa7616c77fa7ab03c694f318c46
https://conda.anaconda.org/conda-forge/linux-aarch64/numpy-1.22.0-py39h8a86e7d_1.tar.bz2#ff502d1855c69fb813b11aabc3fad58f
https://conda.anaconda.org/anaconda/noarch/packaging-21.3-pyhd3eb1b0_0.tar.bz2#e482aa236f5541461d285cc979323035
https://conda.anaconda.org/anaconda/linux-aarch64/pillow-8.4.0-py39hc5d9b3f_0.tar.bz2#6401cdc1ad48a61abe653b96b2ef70ed
https://conda.anaconda.org/plotly/noarch/plotly-5.9.0-py_0.tar.bz2#1673cde98ac570aa0a5daef9f2de407a
https://conda.anaconda.org/anaconda/noarch/python-dateutil-2.8.2-pyhd3eb1b0_0.tar.bz2#2eb923cc014094f4acf7f849d67d73f8
https://conda.anaconda.org/conda-forge/noarch/python-dotenv-0.21.0-pyhd8ed1ab_0.tar.bz2#1ddc3bed82494d9cffbc5cbd66c9c3de
https://conda.anaconda.org/anaconda/linux-aarch64/setuptools-61.2.0-py39hd43f75c_0.tar.bz2#c08090d13e8a153eb089e1ce23168702
https://conda.anaconda.org/conda-forge/linux-aarch64/sqlalchemy-1.4.29-py39h14843e3_0.tar.bz2#fc416e7c5810d151b1897527971b19d1
https://conda.anaconda.org/conda-forge/noarch/wtforms-3.0.1-pyhd8ed1ab_0.tar.bz2#62a19155ee3896566849634586c1813d
https://conda.anaconda.org/anaconda/noarch/aniso8601-9.0.1-pyhd3eb1b0_0.tar.bz2#6734571faf7e50d0ceef25dac1e564c8
https://conda.anaconda.org/anaconda/linux-aarch64/bottleneck-1.3.5-py39h56cdfe9_0.tar.bz2#e82f25968e185c9b1294a7afb4ad2427
https://conda.anaconda.org/anaconda/linux-aarch64/brotlipy-0.7.0-py39hfd63f10_1002.tar.bz2#dc9ab82f85c23d351fbc0508c828285f
https://conda.anaconda.org/anaconda/linux-aarch64/cryptography-37.0.1-py39h3d58568_0.tar.bz2#e36a533e0c65f4eef29a3a15f2dc9444
https://conda.anaconda.org/conda-forge/noarch/flask-2.1.2-pyhd8ed1ab_1.tar.bz2#53624cadbb40b6ce9ac1f4c56815c669
https://conda.anaconda.org/anaconda/linux-aarch64/gunicorn-20.1.0-py39hd43f75c_0.tar.bz2#9791b208f2d15c25de5224234533bd0d
https://conda.anaconda.org/anaconda/linux-aarch64/numexpr-2.8.3-py39h0903fb9_0.tar.bz2#5dda94be62b2094c4a4dcdaf415ba38e
https://conda.anaconda.org/anaconda/linux-aarch64/pip-22.1.2-py39hd43f75c_0.tar.bz2#e4dad1467d1ef31e061ed324b76169bc
https://conda.anaconda.org/anaconda/linux-aarch64/bcrypt-3.2.0-py39h998d150_1.tar.bz2#34333bc06a77fcba612118549967cc70
https://conda.anaconda.org/anaconda/linux-aarch64/dnspython-2.2.1-py39hd43f75c_0.tar.bz2#ce3b2ddb27202c0a5de3c6d63372a0a3
https://conda.anaconda.org/conda-forge/noarch/flask-login-0.6.2-pyhd8ed1ab_0.tar.bz2#427457b9179d5f1d65b11ca7761e60ee
https://conda.anaconda.org/conda-forge/noarch/flask-mail-0.9.1-py_2.tar.bz2#083af8cde25430f3e489d2571c523604
https://conda.anaconda.org/conda-forge/noarch/flask-restful-0.3.9-pyhd8ed1ab_0.tar.bz2#500294b659c23821d2469af8b1045e81
https://conda.anaconda.org/anaconda/noarch/flask-sqlalchemy-2.5.1-pyhd3eb1b0_0.tar.bz2#5b8131134954af58cebb9bee5f272c03
https://conda.anaconda.org/conda-forge/noarch/flask-wtf-1.0.1-pyhd8ed1ab_0.tar.bz2#cd027868755348e59e920669d654d98a
https://conda.anaconda.org/anaconda/linux-aarch64/pandas-1.3.5-py39h337a648_0.tar.bz2#825ca1f3c74a5d0b4366ddf4bde1173f
https://conda.anaconda.org/anaconda/noarch/pyopenssl-22.0.0-pyhd3eb1b0_0.tar.bz2#24300c22dced4609b77f3ace93b5beeb
https://conda.anaconda.org/anaconda/linux-aarch64/email-validator-1.2.1-py39hd43f75c_0.tar.bz2#c3568047625830f8d17a637742ced55f
https://conda.anaconda.org/conda-forge/noarch/flask-bcrypt-1.0.1-pyhd8ed1ab_0.tar.bz2#17ee145b6881eec31051364463d327ee
https://conda.anaconda.org/anaconda/linux-aarch64/urllib3-1.26.11-py39hd43f75c_0.tar.bz2#fa981db78014bf1e8f12c8a6e44d6b99
https://conda.anaconda.org/anaconda/linux-aarch64/requests-2.28.1-py39hd43f75c_0.tar.bz2#a92a5f6fe266ba13749f82a363e2d3fa
